// !$*UTF8*$!
{
	archiveVersion = 1;
	classes = {
	};
	objectVersion = 46;
	objects = {

/* Begin PBXBuildFile section */
		630A1D4713F427C300286CC4 /* HDKeyValueStore.h in Headers */ = {isa = PBXBuildFile; fileRef = 630A1D4513F427C300286CC4 /* HDKeyValueStore.h */; };
		630A1D4813F427C300286CC4 /* HDKeyValueStore.m in Sources */ = {isa = PBXBuildFile; fileRef = 630A1D4613F427C300286CC4 /* HDKeyValueStore.m */; };
		630DD8CA13D43D4D0048E682 /* UIView+HDAdditions.h in Headers */ = {isa = PBXBuildFile; fileRef = 630DD8C913D43D4D0048E682 /* UIView+HDAdditions.h */; };
		630F09F4139BD48200CCA4C5 /* UIView+HDAdditions.m in Sources */ = {isa = PBXBuildFile; fileRef = 630F09F1139BD48200CCA4C5 /* UIView+HDAdditions.m */; };
		631FBC38148532740058B924 /* UIBezierPath+HDAdditions.h in Headers */ = {isa = PBXBuildFile; fileRef = 631FBC36148532730058B924 /* UIBezierPath+HDAdditions.h */; };
		631FBC39148532740058B924 /* UIBezierPath+HDAdditions.m in Sources */ = {isa = PBXBuildFile; fileRef = 631FBC37148532740058B924 /* UIBezierPath+HDAdditions.m */; };
		6322DDA5136AEE6B00E8E9EF /* Foundation.framework in Frameworks */ = {isa = PBXBuildFile; fileRef = 6363D256134C56ED000BDCFD /* Foundation.framework */; };
		6322DDAF136AEE8200E8E9EF /* NSMutableArray+HDAdditions.m in Sources */ = {isa = PBXBuildFile; fileRef = 6363D297134C57F2000BDCFD /* NSMutableArray+HDAdditions.m */; };
		6322DDB0136AEE8200E8E9EF /* NSString+HDAdditions.m in Sources */ = {isa = PBXBuildFile; fileRef = 6363D299134C57F2000BDCFD /* NSString+HDAdditions.m */; };
		6322DDC5136AEF4800E8E9EF /* Foundation.framework in Frameworks */ = {isa = PBXBuildFile; fileRef = 6363D256134C56ED000BDCFD /* Foundation.framework */; };
		6322DDCC136AEF5300E8E9EF /* HDManagedObject.m in Sources */ = {isa = PBXBuildFile; fileRef = 6363D28B134C57F2000BDCFD /* HDManagedObject.m */; };
		6322DDCD136AEF5300E8E9EF /* HDModelController.m in Sources */ = {isa = PBXBuildFile; fileRef = 6363D28D134C57F2000BDCFD /* HDModelController.m */; };
		6322DDD3136AEF9600E8E9EF /* Foundation.framework in Frameworks */ = {isa = PBXBuildFile; fileRef = 6363D256134C56ED000BDCFD /* Foundation.framework */; };
		6322DDDA136AEF9C00E8E9EF /* HDAudioPlayer.m in Sources */ = {isa = PBXBuildFile; fileRef = 6363D287134C57F2000BDCFD /* HDAudioPlayer.m */; };
		6322DDE0136AEFA400E8E9EF /* Foundation.framework in Frameworks */ = {isa = PBXBuildFile; fileRef = 6363D256134C56ED000BDCFD /* Foundation.framework */; };
		6322DDE7136AEFBE00E8E9EF /* HDAnimatedImage.m in Sources */ = {isa = PBXBuildFile; fileRef = 6363D29C134C57F2000BDCFD /* HDAnimatedImage.m */; };
		6322DDE8136AEFBE00E8E9EF /* HDClipView.m in Sources */ = {isa = PBXBuildFile; fileRef = 6363D29E134C57F2000BDCFD /* HDClipView.m */; };
		6322DDE9136AEFBE00E8E9EF /* HDDraggableButton.m in Sources */ = {isa = PBXBuildFile; fileRef = 6363D2A0134C57F2000BDCFD /* HDDraggableButton.m */; };
		6322DDEA136AEFBE00E8E9EF /* HDDrawableView.m in Sources */ = {isa = PBXBuildFile; fileRef = 6363D2A2134C57F2000BDCFD /* HDDrawableView.m */; };
		6322DDEB136AEFBE00E8E9EF /* HDErasableImage.m in Sources */ = {isa = PBXBuildFile; fileRef = 6363D2A4134C57F2000BDCFD /* HDErasableImage.m */; };
		6322DDEF136AEFBE00E8E9EF /* UIDevice+HDAdditions.m in Sources */ = {isa = PBXBuildFile; fileRef = 6363D2AE134C57F2000BDCFD /* UIDevice+HDAdditions.m */; };
		6322DDF0136AEFBE00E8E9EF /* UIImage+HDAdditions.m in Sources */ = {isa = PBXBuildFile; fileRef = 6363D2B0134C57F2000BDCFD /* UIImage+HDAdditions.m */; };
		632742941423CA07004943A6 /* HDTypes.m in Sources */ = {isa = PBXBuildFile; fileRef = 632742931423CA06004943A6 /* HDTypes.m */; };
		632742981423CA96004943A6 /* HDMath.m in Sources */ = {isa = PBXBuildFile; fileRef = 632742971423CA96004943A6 /* HDMath.m */; };
		6357580E14CDF650008B06F7 /* HDAdMob.h in Headers */ = {isa = PBXBuildFile; fileRef = 6357580C14CDF650008B06F7 /* HDAdMob.h */; };
		6357580F14CDF650008B06F7 /* HDAdMob.m in Sources */ = {isa = PBXBuildFile; fileRef = 6357580D14CDF650008B06F7 /* HDAdMob.m */; };
		6363D262134C56ED000BDCFD /* UIKit.framework in Frameworks */ = {isa = PBXBuildFile; fileRef = 6363D261134C56ED000BDCFD /* UIKit.framework */; };
		6363D263134C56ED000BDCFD /* Foundation.framework in Frameworks */ = {isa = PBXBuildFile; fileRef = 6363D256134C56ED000BDCFD /* Foundation.framework */; };
		6363D265134C56ED000BDCFD /* CoreGraphics.framework in Frameworks */ = {isa = PBXBuildFile; fileRef = 6363D264134C56ED000BDCFD /* CoreGraphics.framework */; };
		6363D271134C56ED000BDCFD /* HDFoundationFunctionsTests.h in Resources */ = {isa = PBXBuildFile; fileRef = 6363D270134C56ED000BDCFD /* HDFoundationFunctionsTests.h */; };
		6363D273134C56ED000BDCFD /* HDFoundationFunctionsTests.m in Sources */ = {isa = PBXBuildFile; fileRef = 6363D272134C56ED000BDCFD /* HDFoundationFunctionsTests.m */; };
		6363D2B5134C57F2000BDCFD /* HDAudioPlayer.m in Sources */ = {isa = PBXBuildFile; fileRef = 6363D287134C57F2000BDCFD /* HDAudioPlayer.m */; };
		6363D2B6134C57F2000BDCFD /* HDManagedObject.m in Sources */ = {isa = PBXBuildFile; fileRef = 6363D28B134C57F2000BDCFD /* HDManagedObject.m */; };
		6363D2B7134C57F2000BDCFD /* HDModelController.m in Sources */ = {isa = PBXBuildFile; fileRef = 6363D28D134C57F2000BDCFD /* HDModelController.m */; };
		6363D2BA134C57F2000BDCFD /* NSMutableArray+HDAdditions.m in Sources */ = {isa = PBXBuildFile; fileRef = 6363D297134C57F2000BDCFD /* NSMutableArray+HDAdditions.m */; };
		6363D2BB134C57F2000BDCFD /* NSString+HDAdditions.m in Sources */ = {isa = PBXBuildFile; fileRef = 6363D299134C57F2000BDCFD /* NSString+HDAdditions.m */; };
		6363D2CB134C5B2A000BDCFD /* AVFoundation.framework in Frameworks */ = {isa = PBXBuildFile; fileRef = 6363D2CA134C5B2A000BDCFD /* AVFoundation.framework */; };
		6363D2CD134C5B2E000BDCFD /* QuartzCore.framework in Frameworks */ = {isa = PBXBuildFile; fileRef = 6363D2CC134C5B2E000BDCFD /* QuartzCore.framework */; };
		6363D2CF134C5B32000BDCFD /* CoreData.framework in Frameworks */ = {isa = PBXBuildFile; fileRef = 6363D2CE134C5B32000BDCFD /* CoreData.framework */; };
		6365E7B613D8751B00BCC434 /* NSIndexPath+HDAdditions.h in Headers */ = {isa = PBXBuildFile; fileRef = 6365E7B413D8751B00BCC434 /* NSIndexPath+HDAdditions.h */; };
		6365E7B713D8751B00BCC434 /* NSIndexPath+HDAdditions.m in Sources */ = {isa = PBXBuildFile; fileRef = 6365E7B513D8751B00BCC434 /* NSIndexPath+HDAdditions.m */; };
		6366C0191373F4490032B6F9 /* NSArray+HDAdditions.h in Headers */ = {isa = PBXBuildFile; fileRef = 6366C0171373F4490032B6F9 /* NSArray+HDAdditions.h */; };
		6366C01A1373F4490032B6F9 /* NSArray+HDAdditions.m in Sources */ = {isa = PBXBuildFile; fileRef = 6366C0181373F4490032B6F9 /* NSArray+HDAdditions.m */; };
		6367F26F14CDC3B700E695A6 /* GameKit.framework in Frameworks */ = {isa = PBXBuildFile; fileRef = 6367F26E14CDC3B700E695A6 /* GameKit.framework */; };
		6367F3C714CDC7A500E695A6 /* HDPerlinNoise.h in Headers */ = {isa = PBXBuildFile; fileRef = 6367F3C514CDC7A500E695A6 /* HDPerlinNoise.h */; };
		6367F3C814CDC7A500E695A6 /* HDPerlinNoise.m in Sources */ = {isa = PBXBuildFile; fileRef = 6367F3C614CDC7A500E695A6 /* HDPerlinNoise.m */; };
		6377713A143C959700594D7E /* UIControl+HDAdditions.h in Headers */ = {isa = PBXBuildFile; fileRef = 63777138143C959700594D7E /* UIControl+HDAdditions.h */; };
		6377713B143C959700594D7E /* UIControl+HDAdditions.m in Sources */ = {isa = PBXBuildFile; fileRef = 63777139143C959700594D7E /* UIControl+HDAdditions.m */; };
		6377F05113B3B2D200AB8DD3 /* NSSet+HDAdditions.h in Headers */ = {isa = PBXBuildFile; fileRef = 6377F04F13B3B2D200AB8DD3 /* NSSet+HDAdditions.h */; };
		6377F05213B3B2D200AB8DD3 /* NSSet+HDAdditions.m in Sources */ = {isa = PBXBuildFile; fileRef = 6377F05013B3B2D200AB8DD3 /* NSSet+HDAdditions.m */; };
		63851D3F13FC0F1E00D42CA8 /* UINavigationController+HDAdditions.h in Headers */ = {isa = PBXBuildFile; fileRef = 63851D3D13FC0F1E00D42CA8 /* UINavigationController+HDAdditions.h */; };
		63851D4013FC0F1E00D42CA8 /* UINavigationController+HDAdditions.m in Sources */ = {isa = PBXBuildFile; fileRef = 63851D3E13FC0F1E00D42CA8 /* UINavigationController+HDAdditions.m */; };
		6385801513A174D900CE35ED /* HDMacros.h in Headers */ = {isa = PBXBuildFile; fileRef = 6385801413A174D900CE35ED /* HDMacros.h */; };
		63A0C03D13CDD7DB0090E6F1 /* UIApplication+HDAdditions.h in Headers */ = {isa = PBXBuildFile; fileRef = 63A0C03B13CDD7DB0090E6F1 /* UIApplication+HDAdditions.h */; };
		63A0C03E13CDD7DB0090E6F1 /* UIApplication+HDAdditions.m in Sources */ = {isa = PBXBuildFile; fileRef = 63A0C03C13CDD7DB0090E6F1 /* UIApplication+HDAdditions.m */; };
		63A5CDFC14CDC23C00618F82 /* Foundation.framework in Frameworks */ = {isa = PBXBuildFile; fileRef = 6363D256134C56ED000BDCFD /* Foundation.framework */; };
		63A5CDFE14CDC23C00618F82 /* UIApplication+HDAdditions.h in Headers */ = {isa = PBXBuildFile; fileRef = 63A0C03B13CDD7DB0090E6F1 /* UIApplication+HDAdditions.h */; };
		63A5CDFF14CDC23C00618F82 /* UIView+HDAdditions.h in Headers */ = {isa = PBXBuildFile; fileRef = 630DD8C913D43D4D0048E682 /* UIView+HDAdditions.h */; };
		63A5CE0014CDC23C00618F82 /* HDMatrixControl.h in Headers */ = {isa = PBXBuildFile; fileRef = 63F5FF9413EBF5BB004D30FF /* HDMatrixControl.h */; };
		63A5CE0114CDC23C00618F82 /* HDPlaceholderTextView.h in Headers */ = {isa = PBXBuildFile; fileRef = 63D3103A13F16595008C8BF8 /* HDPlaceholderTextView.h */; };
		63A5CE0214CDC23C00618F82 /* UINavigationController+HDAdditions.h in Headers */ = {isa = PBXBuildFile; fileRef = 63851D3D13FC0F1E00D42CA8 /* UINavigationController+HDAdditions.h */; };
		63A5CE0314CDC23C00618F82 /* UIControl+HDAdditions.h in Headers */ = {isa = PBXBuildFile; fileRef = 63777138143C959700594D7E /* UIControl+HDAdditions.h */; };
		63A5CE0414CDC23C00618F82 /* UIBezierPath+HDAdditions.h in Headers */ = {isa = PBXBuildFile; fileRef = 631FBC36148532730058B924 /* UIBezierPath+HDAdditions.h */; };
		63A5CE0C14CDC26400618F82 /* HDGameKit.h in Headers */ = {isa = PBXBuildFile; fileRef = 63A5CE0B14CDC26400618F82 /* HDGameKit.h */; };
		63A5CE1614CDC2B900618F82 /* HDGameCenterManager.h in Headers */ = {isa = PBXBuildFile; fileRef = 63A5CE1414CDC2B900618F82 /* HDGameCenterManager.h */; };
		63A5CE1714CDC2B900618F82 /* HDGameCenterManager.m in Sources */ = {isa = PBXBuildFile; fileRef = 63A5CE1514CDC2B900618F82 /* HDGameCenterManager.m */; };
		63D3103C13F16595008C8BF8 /* HDPlaceholderTextView.h in Headers */ = {isa = PBXBuildFile; fileRef = 63D3103A13F16595008C8BF8 /* HDPlaceholderTextView.h */; };
		63D3103D13F16595008C8BF8 /* HDPlaceholderTextView.m in Sources */ = {isa = PBXBuildFile; fileRef = 63D3103B13F16595008C8BF8 /* HDPlaceholderTextView.m */; };
		63F5FF9613EBF5BB004D30FF /* HDMatrixControl.h in Headers */ = {isa = PBXBuildFile; fileRef = 63F5FF9413EBF5BB004D30FF /* HDMatrixControl.h */; };
		63F5FF9713EBF5BB004D30FF /* HDMatrixControl.m in Sources */ = {isa = PBXBuildFile; fileRef = 63F5FF9513EBF5BB004D30FF /* HDMatrixControl.m */; };
/* End PBXBuildFile section */

/* Begin PBXContainerItemProxy section */
		630E93B7149D6D8B005B16DC /* PBXContainerItemProxy */ = {
			isa = PBXContainerItemProxy;
			containerPortal = 632742501423C83A004943A6 /* Nimbus.xcodeproj */;
			proxyType = 2;
			remoteGlobalIDString = DB3A230913FD4B8E00614220;
			remoteInfo = NimbusAttributedLabel;
		};
		630E93B9149D6D8B005B16DC /* PBXContainerItemProxy */ = {
			isa = PBXContainerItemProxy;
			containerPortal = 632742501423C83A004943A6 /* Nimbus.xcodeproj */;
			proxyType = 2;
			remoteGlobalIDString = DB3A231613FD4B8E00614220;
			remoteInfo = NimbusAttributedLabelTests;
		};
		630E93BB149D6D8B005B16DC /* PBXContainerItemProxy */ = {
			isa = PBXContainerItemProxy;
			containerPortal = 632742501423C83A004943A6 /* Nimbus.xcodeproj */;
			proxyType = 2;
			remoteGlobalIDString = 66C3A6A1143D61130048542F;
			remoteInfo = NimbusCss;
		};
		630E93BD149D6D8B005B16DC /* PBXContainerItemProxy */ = {
			isa = PBXContainerItemProxy;
			containerPortal = 632742501423C83A004943A6 /* Nimbus.xcodeproj */;
			proxyType = 2;
			remoteGlobalIDString = 66C3A6AE143D61140048542F;
			remoteInfo = NimbusCssTests;
		};
		630E93BF149D6D8B005B16DC /* PBXContainerItemProxy */ = {
			isa = PBXContainerItemProxy;
			containerPortal = 632742501423C83A004943A6 /* Nimbus.xcodeproj */;
			proxyType = 2;
			remoteGlobalIDString = 663B523F1445052700CC26DF;
			remoteInfo = NimbusPagingScrollView;
		};
		630E93C1149D6D8B005B16DC /* PBXContainerItemProxy */ = {
			isa = PBXContainerItemProxy;
			containerPortal = 632742501423C83A004943A6 /* Nimbus.xcodeproj */;
			proxyType = 2;
			remoteGlobalIDString = 663B524C1445052800CC26DF;
			remoteInfo = NimbusPagingScrollViewTests;
		};
		630E9408149D6E2B005B16DC /* PBXContainerItemProxy */ = {
			isa = PBXContainerItemProxy;
			containerPortal = 630E93FB149D6E2B005B16DC /* BlocksKit.xcodeproj */;
			proxyType = 2;
			remoteGlobalIDString = 6CC40A2A1447B58600E47595;
			remoteInfo = "iOS Framework";
		};
		630E940A149D6E2B005B16DC /* PBXContainerItemProxy */ = {
			isa = PBXContainerItemProxy;
			containerPortal = 630E93FB149D6E2B005B16DC /* BlocksKit.xcodeproj */;
			proxyType = 2;
			remoteGlobalIDString = 6CC40A751447BB1400E47595;
			remoteInfo = "OS X Framework";
		};
		630E940C149D6E2B005B16DC /* PBXContainerItemProxy */ = {
			isa = PBXContainerItemProxy;
			containerPortal = 630E93FB149D6E2B005B16DC /* BlocksKit.xcodeproj */;
			proxyType = 2;
			remoteGlobalIDString = 6C3DBF8D1382F1BA00E6C9AA;
			remoteInfo = "iOS Library";
		};
		630E940E149D6E2B005B16DC /* PBXContainerItemProxy */ = {
			isa = PBXContainerItemProxy;
			containerPortal = 630E93FB149D6E2B005B16DC /* BlocksKit.xcodeproj */;
			proxyType = 2;
			remoteGlobalIDString = 6CC08FCE1385555D00DDEABB;
			remoteInfo = "OS X Library";
		};
		630E9410149D6E2B005B16DC /* PBXContainerItemProxy */ = {
			isa = PBXContainerItemProxy;
			containerPortal = 630E93FB149D6E2B005B16DC /* BlocksKit.xcodeproj */;
			proxyType = 2;
			remoteGlobalIDString = 6CC0900913855CAE00DDEABB;
			remoteInfo = "Chameleon Library";
		};
		630E9412149D6E2B005B16DC /* PBXContainerItemProxy */ = {
			isa = PBXContainerItemProxy;
			containerPortal = 630E93FB149D6E2B005B16DC /* BlocksKit.xcodeproj */;
			proxyType = 2;
			remoteGlobalIDString = 60FF000713C023CB004A1394;
			remoteInfo = "iOS Tests";
		};
		6327426B1423C83B004943A6 /* PBXContainerItemProxy */ = {
			isa = PBXContainerItemProxy;
			containerPortal = 632742501423C83A004943A6 /* Nimbus.xcodeproj */;
			proxyType = 2;
			remoteGlobalIDString = 66A03C0913E6E85E00B514F3;
			remoteInfo = NimbusCore;
		};
		6327426D1423C83B004943A6 /* PBXContainerItemProxy */ = {
			isa = PBXContainerItemProxy;
			containerPortal = 632742501423C83A004943A6 /* Nimbus.xcodeproj */;
			proxyType = 2;
			remoteGlobalIDString = 66A03C1913E6E85E00B514F3;
			remoteInfo = NimbusCoreTests;
		};
		6327426F1423C83B004943A6 /* PBXContainerItemProxy */ = {
			isa = PBXContainerItemProxy;
			containerPortal = 632742501423C83A004943A6 /* Nimbus.xcodeproj */;
			proxyType = 2;
			remoteGlobalIDString = 6675731213E771380076F555;
			remoteInfo = NimbusInterapp;
		};
		632742711423C83B004943A6 /* PBXContainerItemProxy */ = {
			isa = PBXContainerItemProxy;
			containerPortal = 632742501423C83A004943A6 /* Nimbus.xcodeproj */;
			proxyType = 2;
			remoteGlobalIDString = 6675731F13E771380076F555;
			remoteInfo = NimbusInterappTests;
		};
		632742731423C83B004943A6 /* PBXContainerItemProxy */ = {
			isa = PBXContainerItemProxy;
			containerPortal = 632742501423C83A004943A6 /* Nimbus.xcodeproj */;
			proxyType = 2;
			remoteGlobalIDString = 66A03CBF13E6F0ED00B514F3;
			remoteInfo = NimbusLauncher;
		};
		632742751423C83B004943A6 /* PBXContainerItemProxy */ = {
			isa = PBXContainerItemProxy;
			containerPortal = 632742501423C83A004943A6 /* Nimbus.xcodeproj */;
			proxyType = 2;
			remoteGlobalIDString = 66A03CCC13E6F0EE00B514F3;
			remoteInfo = NimbusLauncherTests;
		};
		632742771423C83B004943A6 /* PBXContainerItemProxy */ = {
			isa = PBXContainerItemProxy;
			containerPortal = 632742501423C83A004943A6 /* Nimbus.xcodeproj */;
			proxyType = 2;
			remoteGlobalIDString = 66A03D2713E6F97500B514F3;
			remoteInfo = NimbusNetworkImage;
		};
		632742791423C83B004943A6 /* PBXContainerItemProxy */ = {
			isa = PBXContainerItemProxy;
			containerPortal = 632742501423C83A004943A6 /* Nimbus.xcodeproj */;
			proxyType = 2;
			remoteGlobalIDString = 66A03D3413E6F97500B514F3;
			remoteInfo = NimbusNetworkImageTests;
		};
		6327427B1423C83B004943A6 /* PBXContainerItemProxy */ = {
			isa = PBXContainerItemProxy;
			containerPortal = 632742501423C83A004943A6 /* Nimbus.xcodeproj */;
			proxyType = 2;
			remoteGlobalIDString = 6675722913E765BF0076F555;
			remoteInfo = NimbusOverview;
		};
		6327427D1423C83B004943A6 /* PBXContainerItemProxy */ = {
			isa = PBXContainerItemProxy;
			containerPortal = 632742501423C83A004943A6 /* Nimbus.xcodeproj */;
			proxyType = 2;
			remoteGlobalIDString = 6675723613E765BF0076F555;
			remoteInfo = NimbusOverviewTests;
		};
		6327427F1423C83B004943A6 /* PBXContainerItemProxy */ = {
			isa = PBXContainerItemProxy;
			containerPortal = 632742501423C83A004943A6 /* Nimbus.xcodeproj */;
			proxyType = 2;
			remoteGlobalIDString = 6675727A13E769150076F555;
			remoteInfo = NimbusPhotos;
		};
		632742811423C83B004943A6 /* PBXContainerItemProxy */ = {
			isa = PBXContainerItemProxy;
			containerPortal = 632742501423C83A004943A6 /* Nimbus.xcodeproj */;
			proxyType = 2;
			remoteGlobalIDString = 6675728713E769150076F555;
			remoteInfo = NimbusPhotosTests;
		};
		632742831423C83B004943A6 /* PBXContainerItemProxy */ = {
			isa = PBXContainerItemProxy;
			containerPortal = 632742501423C83A004943A6 /* Nimbus.xcodeproj */;
			proxyType = 2;
			remoteGlobalIDString = 667572BD13E76F460076F555;
			remoteInfo = NimbusProcessors;
		};
		632742851423C83B004943A6 /* PBXContainerItemProxy */ = {
			isa = PBXContainerItemProxy;
			containerPortal = 632742501423C83A004943A6 /* Nimbus.xcodeproj */;
			proxyType = 2;
			remoteGlobalIDString = 667572CA13E76F460076F555;
			remoteInfo = NimbusProcessorsTests;
		};
		632742871423C83B004943A6 /* PBXContainerItemProxy */ = {
			isa = PBXContainerItemProxy;
			containerPortal = 632742501423C83A004943A6 /* Nimbus.xcodeproj */;
			proxyType = 2;
			remoteGlobalIDString = 6661BBCC13F1A3BB00D14F92;
			remoteInfo = NimbusModels;
		};
		632742891423C83B004943A6 /* PBXContainerItemProxy */ = {
			isa = PBXContainerItemProxy;
			containerPortal = 632742501423C83A004943A6 /* Nimbus.xcodeproj */;
			proxyType = 2;
			remoteGlobalIDString = 6661BBD913F1A3BB00D14F92;
			remoteInfo = NimbusModelsTests;
		};
		6327428B1423C83B004943A6 /* PBXContainerItemProxy */ = {
			isa = PBXContainerItemProxy;
			containerPortal = 632742501423C83A004943A6 /* Nimbus.xcodeproj */;
			proxyType = 2;
			remoteGlobalIDString = DB84BD7413EFDDC900DACCFE;
			remoteInfo = NimbusWebController;
		};
		6327428D1423C83B004943A6 /* PBXContainerItemProxy */ = {
			isa = PBXContainerItemProxy;
			containerPortal = 632742501423C83A004943A6 /* Nimbus.xcodeproj */;
			proxyType = 2;
			remoteGlobalIDString = DB84BD8113EFDDCA00DACCFE;
			remoteInfo = NimbusWebControllerTests;
		};
		632742951423CA7A004943A6 /* PBXContainerItemProxy */ = {
			isa = PBXContainerItemProxy;
			containerPortal = 632742501423C83A004943A6 /* Nimbus.xcodeproj */;
			proxyType = 1;
			remoteGlobalIDString = 66A03C0813E6E85E00B514F3;
			remoteInfo = NimbusCore;
		};
		6367F27114CDC42E00E695A6 /* PBXContainerItemProxy */ = {
			isa = PBXContainerItemProxy;
			containerPortal = 632742501423C83A004943A6 /* Nimbus.xcodeproj */;
			proxyType = 1;
			remoteGlobalIDString = 66A03C0813E6E85E00B514F3;
			remoteInfo = NimbusCore;
		};
		6367F33014CDC49B00E695A6 /* PBXContainerItemProxy */ = {
			isa = PBXContainerItemProxy;
			containerPortal = 6363D24A134C56ED000BDCFD /* Project object */;
			proxyType = 1;
			remoteGlobalIDString = 6322DDDE136AEFA400E8E9EF;
			remoteInfo = HDKit;
		};
		6375C66713E9673F00CEE9C7 /* PBXContainerItemProxy */ = {
			isa = PBXContainerItemProxy;
			containerPortal = 6363D24A134C56ED000BDCFD /* Project object */;
			proxyType = 1;
			remoteGlobalIDString = 6322DDA3136AEE6B00E8E9EF;
			remoteInfo = HDFoundation;
		};
		6375C66913E9674400CEE9C7 /* PBXContainerItemProxy */ = {
			isa = PBXContainerItemProxy;
			containerPortal = 6363D24A134C56ED000BDCFD /* Project object */;
			proxyType = 1;
			remoteGlobalIDString = 6322DDA3136AEE6B00E8E9EF;
			remoteInfo = HDFoundation;
		};
		6375C66D13E9674B00CEE9C7 /* PBXContainerItemProxy */ = {
			isa = PBXContainerItemProxy;
			containerPortal = 6363D24A134C56ED000BDCFD /* Project object */;
			proxyType = 1;
			remoteGlobalIDString = 6322DDA3136AEE6B00E8E9EF;
			remoteInfo = HDFoundation;
		};
/* End PBXContainerItemProxy section */

/* Begin PBXFileReference section */
		630A1D4513F427C300286CC4 /* HDKeyValueStore.h */ = {isa = PBXFileReference; fileEncoding = 4; lastKnownFileType = sourcecode.c.h; path = HDKeyValueStore.h; sourceTree = "<group>"; };
		630A1D4613F427C300286CC4 /* HDKeyValueStore.m */ = {isa = PBXFileReference; fileEncoding = 4; lastKnownFileType = sourcecode.c.objc; path = HDKeyValueStore.m; sourceTree = "<group>"; };
		630DD8C913D43D4D0048E682 /* UIView+HDAdditions.h */ = {isa = PBXFileReference; fileEncoding = 4; lastKnownFileType = sourcecode.c.h; path = "UIView+HDAdditions.h"; sourceTree = "<group>"; };
		630E93FB149D6E2B005B16DC /* BlocksKit.xcodeproj */ = {isa = PBXFileReference; lastKnownFileType = "wrapper.pb-project"; name = BlocksKit.xcodeproj; path = Libraries/BlocksKit/BlocksKit.xcodeproj; sourceTree = "<group>"; };
		630F09EC139BD46300CCA4C5 /* UIKit.framework */ = {isa = PBXFileReference; lastKnownFileType = wrapper.framework; name = UIKit.framework; path = System/Library/Frameworks/UIKit.framework; sourceTree = SDKROOT; };
		630F09F1139BD48200CCA4C5 /* UIView+HDAdditions.m */ = {isa = PBXFileReference; fileEncoding = 4; lastKnownFileType = sourcecode.c.objc; path = "UIView+HDAdditions.m"; sourceTree = "<group>"; };
		631FBC36148532730058B924 /* UIBezierPath+HDAdditions.h */ = {isa = PBXFileReference; fileEncoding = 4; lastKnownFileType = sourcecode.c.h; path = "UIBezierPath+HDAdditions.h"; sourceTree = "<group>"; };
		631FBC37148532740058B924 /* UIBezierPath+HDAdditions.m */ = {isa = PBXFileReference; fileEncoding = 4; lastKnownFileType = sourcecode.c.objc; path = "UIBezierPath+HDAdditions.m"; sourceTree = "<group>"; };
		6322DDA4136AEE6B00E8E9EF /* libHDFoundation.a */ = {isa = PBXFileReference; explicitFileType = archive.ar; includeInIndex = 0; path = libHDFoundation.a; sourceTree = BUILT_PRODUCTS_DIR; };
		6322DDC4136AEF4800E8E9EF /* libHDCoreData.a */ = {isa = PBXFileReference; explicitFileType = archive.ar; includeInIndex = 0; path = libHDCoreData.a; sourceTree = BUILT_PRODUCTS_DIR; };
		6322DDD2136AEF9600E8E9EF /* libHDAudio.a */ = {isa = PBXFileReference; explicitFileType = archive.ar; includeInIndex = 0; path = libHDAudio.a; sourceTree = BUILT_PRODUCTS_DIR; };
		6322DDDF136AEFA400E8E9EF /* libHDKit.a */ = {isa = PBXFileReference; explicitFileType = archive.ar; includeInIndex = 0; path = libHDKit.a; sourceTree = BUILT_PRODUCTS_DIR; };
		632742501423C83A004943A6 /* Nimbus.xcodeproj */ = {isa = PBXFileReference; lastKnownFileType = "wrapper.pb-project"; name = Nimbus.xcodeproj; path = Libraries/nimbus/src/Nimbus.xcodeproj; sourceTree = "<group>"; };
		632742931423CA06004943A6 /* HDTypes.m */ = {isa = PBXFileReference; fileEncoding = 4; lastKnownFileType = sourcecode.c.objc; path = HDTypes.m; sourceTree = "<group>"; };
		632742971423CA96004943A6 /* HDMath.m */ = {isa = PBXFileReference; fileEncoding = 4; lastKnownFileType = sourcecode.c.objc; path = HDMath.m; sourceTree = "<group>"; };
		634B6A2D139BD3B9007EB45A /* QuartzCore.framework */ = {isa = PBXFileReference; lastKnownFileType = wrapper.framework; name = QuartzCore.framework; path = System/Library/Frameworks/QuartzCore.framework; sourceTree = SDKROOT; };
		6357580C14CDF650008B06F7 /* HDAdMob.h */ = {isa = PBXFileReference; fileEncoding = 4; lastKnownFileType = sourcecode.c.h; path = HDAdMob.h; sourceTree = "<group>"; };
		6357580D14CDF650008B06F7 /* HDAdMob.m */ = {isa = PBXFileReference; fileEncoding = 4; lastKnownFileType = sourcecode.c.objc; path = HDAdMob.m; sourceTree = "<group>"; };
		6363D256134C56ED000BDCFD /* Foundation.framework */ = {isa = PBXFileReference; lastKnownFileType = wrapper.framework; name = Foundation.framework; path = System/Library/Frameworks/Foundation.framework; sourceTree = SDKROOT; };
		6363D260134C56ED000BDCFD /* Tests.octest */ = {isa = PBXFileReference; explicitFileType = wrapper.cfbundle; includeInIndex = 0; path = Tests.octest; sourceTree = BUILT_PRODUCTS_DIR; };
		6363D261134C56ED000BDCFD /* UIKit.framework */ = {isa = PBXFileReference; lastKnownFileType = wrapper.framework; name = UIKit.framework; path = System/Library/Frameworks/UIKit.framework; sourceTree = SDKROOT; };
		6363D264134C56ED000BDCFD /* CoreGraphics.framework */ = {isa = PBXFileReference; lastKnownFileType = wrapper.framework; name = CoreGraphics.framework; path = System/Library/Frameworks/CoreGraphics.framework; sourceTree = SDKROOT; };
		6363D26B134C56ED000BDCFD /* Info.plist */ = {isa = PBXFileReference; lastKnownFileType = text.plist.xml; path = Info.plist; sourceTree = "<group>"; };
		6363D26F134C56ED000BDCFD /* Prefix.pch */ = {isa = PBXFileReference; lastKnownFileType = sourcecode.c.h; path = Prefix.pch; sourceTree = "<group>"; };
		6363D270134C56ED000BDCFD /* HDFoundationFunctionsTests.h */ = {isa = PBXFileReference; lastKnownFileType = sourcecode.c.h; path = HDFoundationFunctionsTests.h; sourceTree = "<group>"; };
		6363D272134C56ED000BDCFD /* HDFoundationFunctionsTests.m */ = {isa = PBXFileReference; lastKnownFileType = sourcecode.c.objc; path = HDFoundationFunctionsTests.m; sourceTree = "<group>"; };
		6363D285134C57F2000BDCFD /* HDAudio.h */ = {isa = PBXFileReference; fileEncoding = 4; lastKnownFileType = sourcecode.c.h; path = HDAudio.h; sourceTree = "<group>"; };
		6363D286134C57F2000BDCFD /* HDAudioPlayer.h */ = {isa = PBXFileReference; fileEncoding = 4; lastKnownFileType = sourcecode.c.h; path = HDAudioPlayer.h; sourceTree = "<group>"; };
		6363D287134C57F2000BDCFD /* HDAudioPlayer.m */ = {isa = PBXFileReference; fileEncoding = 4; lastKnownFileType = sourcecode.c.objc; path = HDAudioPlayer.m; sourceTree = "<group>"; };
		6363D289134C57F2000BDCFD /* HDCoreData.h */ = {isa = PBXFileReference; fileEncoding = 4; lastKnownFileType = sourcecode.c.h; path = HDCoreData.h; sourceTree = "<group>"; };
		6363D28A134C57F2000BDCFD /* HDManagedObject.h */ = {isa = PBXFileReference; fileEncoding = 4; lastKnownFileType = sourcecode.c.h; path = HDManagedObject.h; sourceTree = "<group>"; };
		6363D28B134C57F2000BDCFD /* HDManagedObject.m */ = {isa = PBXFileReference; fileEncoding = 4; lastKnownFileType = sourcecode.c.objc; path = HDManagedObject.m; sourceTree = "<group>"; };
		6363D28C134C57F2000BDCFD /* HDModelController.h */ = {isa = PBXFileReference; fileEncoding = 4; lastKnownFileType = sourcecode.c.h; path = HDModelController.h; sourceTree = "<group>"; };
		6363D28D134C57F2000BDCFD /* HDModelController.m */ = {isa = PBXFileReference; fileEncoding = 4; lastKnownFileType = sourcecode.c.objc; path = HDModelController.m; sourceTree = "<group>"; };
		6363D294134C57F2000BDCFD /* HDFoundation.h */ = {isa = PBXFileReference; fileEncoding = 4; lastKnownFileType = sourcecode.c.h; path = HDFoundation.h; sourceTree = "<group>"; };
		6363D295134C57F2000BDCFD /* HDTypes.h */ = {isa = PBXFileReference; fileEncoding = 4; lastKnownFileType = sourcecode.c.h; path = HDTypes.h; sourceTree = "<group>"; };
		6363D296134C57F2000BDCFD /* NSMutableArray+HDAdditions.h */ = {isa = PBXFileReference; fileEncoding = 4; lastKnownFileType = sourcecode.c.h; path = "NSMutableArray+HDAdditions.h"; sourceTree = "<group>"; };
		6363D297134C57F2000BDCFD /* NSMutableArray+HDAdditions.m */ = {isa = PBXFileReference; fileEncoding = 4; lastKnownFileType = sourcecode.c.objc; path = "NSMutableArray+HDAdditions.m"; sourceTree = "<group>"; };
		6363D298134C57F2000BDCFD /* NSString+HDAdditions.h */ = {isa = PBXFileReference; fileEncoding = 4; lastKnownFileType = sourcecode.c.h; path = "NSString+HDAdditions.h"; sourceTree = "<group>"; };
		6363D299134C57F2000BDCFD /* NSString+HDAdditions.m */ = {isa = PBXFileReference; fileEncoding = 4; lastKnownFileType = sourcecode.c.objc; path = "NSString+HDAdditions.m"; sourceTree = "<group>"; };
		6363D29B134C57F2000BDCFD /* HDAnimatedImage.h */ = {isa = PBXFileReference; fileEncoding = 4; lastKnownFileType = sourcecode.c.h; path = HDAnimatedImage.h; sourceTree = "<group>"; };
		6363D29C134C57F2000BDCFD /* HDAnimatedImage.m */ = {isa = PBXFileReference; fileEncoding = 4; lastKnownFileType = sourcecode.c.objc; path = HDAnimatedImage.m; sourceTree = "<group>"; };
		6363D29D134C57F2000BDCFD /* HDClipView.h */ = {isa = PBXFileReference; fileEncoding = 4; lastKnownFileType = sourcecode.c.h; path = HDClipView.h; sourceTree = "<group>"; };
		6363D29E134C57F2000BDCFD /* HDClipView.m */ = {isa = PBXFileReference; fileEncoding = 4; lastKnownFileType = sourcecode.c.objc; path = HDClipView.m; sourceTree = "<group>"; };
		6363D29F134C57F2000BDCFD /* HDDraggableButton.h */ = {isa = PBXFileReference; fileEncoding = 4; lastKnownFileType = sourcecode.c.h; path = HDDraggableButton.h; sourceTree = "<group>"; };
		6363D2A0134C57F2000BDCFD /* HDDraggableButton.m */ = {isa = PBXFileReference; fileEncoding = 4; lastKnownFileType = sourcecode.c.objc; path = HDDraggableButton.m; sourceTree = "<group>"; };
		6363D2A1134C57F2000BDCFD /* HDDrawableView.h */ = {isa = PBXFileReference; fileEncoding = 4; lastKnownFileType = sourcecode.c.h; path = HDDrawableView.h; sourceTree = "<group>"; };
		6363D2A2134C57F2000BDCFD /* HDDrawableView.m */ = {isa = PBXFileReference; fileEncoding = 4; lastKnownFileType = sourcecode.c.objc; path = HDDrawableView.m; sourceTree = "<group>"; };
		6363D2A3134C57F2000BDCFD /* HDErasableImage.h */ = {isa = PBXFileReference; fileEncoding = 4; lastKnownFileType = sourcecode.c.h; path = HDErasableImage.h; sourceTree = "<group>"; };
		6363D2A4134C57F2000BDCFD /* HDErasableImage.m */ = {isa = PBXFileReference; fileEncoding = 4; lastKnownFileType = sourcecode.c.objc; path = HDErasableImage.m; sourceTree = "<group>"; };
		6363D2A5134C57F2000BDCFD /* HDKitFunctions.h */ = {isa = PBXFileReference; fileEncoding = 4; lastKnownFileType = sourcecode.c.h; path = HDKitFunctions.h; sourceTree = "<group>"; };
		6363D2A8134C57F2000BDCFD /* HDKit.h */ = {isa = PBXFileReference; fileEncoding = 4; lastKnownFileType = sourcecode.c.h; path = HDKit.h; sourceTree = "<group>"; };
		6363D2AD134C57F2000BDCFD /* UIDevice+HDAdditions.h */ = {isa = PBXFileReference; fileEncoding = 4; lastKnownFileType = sourcecode.c.h; path = "UIDevice+HDAdditions.h"; sourceTree = "<group>"; };
		6363D2AE134C57F2000BDCFD /* UIDevice+HDAdditions.m */ = {isa = PBXFileReference; fileEncoding = 4; lastKnownFileType = sourcecode.c.objc; path = "UIDevice+HDAdditions.m"; sourceTree = "<group>"; };
		6363D2AF134C57F2000BDCFD /* UIImage+HDAdditions.h */ = {isa = PBXFileReference; fileEncoding = 4; lastKnownFileType = sourcecode.c.h; path = "UIImage+HDAdditions.h"; sourceTree = "<group>"; };
		6363D2B0134C57F2000BDCFD /* UIImage+HDAdditions.m */ = {isa = PBXFileReference; fileEncoding = 4; lastKnownFileType = sourcecode.c.objc; path = "UIImage+HDAdditions.m"; sourceTree = "<group>"; };
		6363D2C9134C58B9000BDCFD /* HDMath.h */ = {isa = PBXFileReference; fileEncoding = 4; lastKnownFileType = sourcecode.c.h; path = HDMath.h; sourceTree = "<group>"; };
		6363D2CA134C5B2A000BDCFD /* AVFoundation.framework */ = {isa = PBXFileReference; lastKnownFileType = wrapper.framework; name = AVFoundation.framework; path = System/Library/Frameworks/AVFoundation.framework; sourceTree = SDKROOT; };
		6363D2CC134C5B2E000BDCFD /* QuartzCore.framework */ = {isa = PBXFileReference; lastKnownFileType = wrapper.framework; name = QuartzCore.framework; path = System/Library/Frameworks/QuartzCore.framework; sourceTree = SDKROOT; };
		6363D2CE134C5B32000BDCFD /* CoreData.framework */ = {isa = PBXFileReference; lastKnownFileType = wrapper.framework; name = CoreData.framework; path = System/Library/Frameworks/CoreData.framework; sourceTree = SDKROOT; };
		6365E7B413D8751B00BCC434 /* NSIndexPath+HDAdditions.h */ = {isa = PBXFileReference; fileEncoding = 4; lastKnownFileType = sourcecode.c.h; path = "NSIndexPath+HDAdditions.h"; sourceTree = "<group>"; };
		6365E7B513D8751B00BCC434 /* NSIndexPath+HDAdditions.m */ = {isa = PBXFileReference; fileEncoding = 4; lastKnownFileType = sourcecode.c.objc; path = "NSIndexPath+HDAdditions.m"; sourceTree = "<group>"; };
		6366C0171373F4490032B6F9 /* NSArray+HDAdditions.h */ = {isa = PBXFileReference; fileEncoding = 4; lastKnownFileType = sourcecode.c.h; path = "NSArray+HDAdditions.h"; sourceTree = "<group>"; };
		6366C0181373F4490032B6F9 /* NSArray+HDAdditions.m */ = {isa = PBXFileReference; fileEncoding = 4; lastKnownFileType = sourcecode.c.objc; path = "NSArray+HDAdditions.m"; sourceTree = "<group>"; };
		6367F26E14CDC3B700E695A6 /* GameKit.framework */ = {isa = PBXFileReference; lastKnownFileType = wrapper.framework; name = GameKit.framework; path = System/Library/Frameworks/GameKit.framework; sourceTree = SDKROOT; };
		6367F3C514CDC7A500E695A6 /* HDPerlinNoise.h */ = {isa = PBXFileReference; fileEncoding = 4; lastKnownFileType = sourcecode.c.h; path = HDPerlinNoise.h; sourceTree = "<group>"; };
		6367F3C614CDC7A500E695A6 /* HDPerlinNoise.m */ = {isa = PBXFileReference; fileEncoding = 4; lastKnownFileType = sourcecode.c.objc; path = HDPerlinNoise.m; sourceTree = "<group>"; };
		63777138143C959700594D7E /* UIControl+HDAdditions.h */ = {isa = PBXFileReference; fileEncoding = 4; lastKnownFileType = sourcecode.c.h; path = "UIControl+HDAdditions.h"; sourceTree = "<group>"; };
		63777139143C959700594D7E /* UIControl+HDAdditions.m */ = {isa = PBXFileReference; fileEncoding = 4; lastKnownFileType = sourcecode.c.objc; path = "UIControl+HDAdditions.m"; sourceTree = "<group>"; };
		6377F04F13B3B2D200AB8DD3 /* NSSet+HDAdditions.h */ = {isa = PBXFileReference; fileEncoding = 4; lastKnownFileType = sourcecode.c.h; path = "NSSet+HDAdditions.h"; sourceTree = "<group>"; };
		6377F05013B3B2D200AB8DD3 /* NSSet+HDAdditions.m */ = {isa = PBXFileReference; fileEncoding = 4; lastKnownFileType = sourcecode.c.objc; path = "NSSet+HDAdditions.m"; sourceTree = "<group>"; };
		63851D3D13FC0F1E00D42CA8 /* UINavigationController+HDAdditions.h */ = {isa = PBXFileReference; fileEncoding = 4; lastKnownFileType = sourcecode.c.h; path = "UINavigationController+HDAdditions.h"; sourceTree = "<group>"; };
		63851D3E13FC0F1E00D42CA8 /* UINavigationController+HDAdditions.m */ = {isa = PBXFileReference; fileEncoding = 4; lastKnownFileType = sourcecode.c.objc; path = "UINavigationController+HDAdditions.m"; sourceTree = "<group>"; };
		6385801413A174D900CE35ED /* HDMacros.h */ = {isa = PBXFileReference; fileEncoding = 4; lastKnownFileType = sourcecode.c.h; path = HDMacros.h; sourceTree = "<group>"; };
		63A0C03B13CDD7DB0090E6F1 /* UIApplication+HDAdditions.h */ = {isa = PBXFileReference; fileEncoding = 4; lastKnownFileType = sourcecode.c.h; path = "UIApplication+HDAdditions.h"; sourceTree = "<group>"; };
		63A0C03C13CDD7DB0090E6F1 /* UIApplication+HDAdditions.m */ = {isa = PBXFileReference; fileEncoding = 4; lastKnownFileType = sourcecode.c.objc; path = "UIApplication+HDAdditions.m"; sourceTree = "<group>"; };
		63A5CE0A14CDC23C00618F82 /* libHDGameKit.a */ = {isa = PBXFileReference; explicitFileType = archive.ar; includeInIndex = 0; path = libHDGameKit.a; sourceTree = BUILT_PRODUCTS_DIR; };
		63A5CE0B14CDC26400618F82 /* HDGameKit.h */ = {isa = PBXFileReference; fileEncoding = 4; lastKnownFileType = sourcecode.c.h; path = HDGameKit.h; sourceTree = "<group>"; };
		63A5CE1414CDC2B900618F82 /* HDGameCenterManager.h */ = {isa = PBXFileReference; fileEncoding = 4; lastKnownFileType = sourcecode.c.h; path = HDGameCenterManager.h; sourceTree = "<group>"; };
		63A5CE1514CDC2B900618F82 /* HDGameCenterManager.m */ = {isa = PBXFileReference; fileEncoding = 4; lastKnownFileType = sourcecode.c.objc; path = HDGameCenterManager.m; sourceTree = "<group>"; };
		63B5F03613E849BC00D1185F /* CFNetwork.framework */ = {isa = PBXFileReference; lastKnownFileType = wrapper.framework; name = CFNetwork.framework; path = System/Library/Frameworks/CFNetwork.framework; sourceTree = SDKROOT; };
		63B5F03713E849BC00D1185F /* MobileCoreServices.framework */ = {isa = PBXFileReference; lastKnownFileType = wrapper.framework; name = MobileCoreServices.framework; path = System/Library/Frameworks/MobileCoreServices.framework; sourceTree = SDKROOT; };
		63B5F03813E849BC00D1185F /* SystemConfiguration.framework */ = {isa = PBXFileReference; lastKnownFileType = wrapper.framework; name = SystemConfiguration.framework; path = System/Library/Frameworks/SystemConfiguration.framework; sourceTree = SDKROOT; };
		63D3103A13F16595008C8BF8 /* HDPlaceholderTextView.h */ = {isa = PBXFileReference; fileEncoding = 4; lastKnownFileType = sourcecode.c.h; path = HDPlaceholderTextView.h; sourceTree = "<group>"; };
		63D3103B13F16595008C8BF8 /* HDPlaceholderTextView.m */ = {isa = PBXFileReference; fileEncoding = 4; lastKnownFileType = sourcecode.c.objc; path = HDPlaceholderTextView.m; sourceTree = "<group>"; };
		63F5FF9413EBF5BB004D30FF /* HDMatrixControl.h */ = {isa = PBXFileReference; fileEncoding = 4; lastKnownFileType = sourcecode.c.h; path = HDMatrixControl.h; sourceTree = "<group>"; };
		63F5FF9513EBF5BB004D30FF /* HDMatrixControl.m */ = {isa = PBXFileReference; fileEncoding = 4; lastKnownFileType = sourcecode.c.objc; path = HDMatrixControl.m; sourceTree = "<group>"; };
/* End PBXFileReference section */

/* Begin PBXFrameworksBuildPhase section */
		6322DDA1136AEE6B00E8E9EF /* Frameworks */ = {
			isa = PBXFrameworksBuildPhase;
			buildActionMask = 2147483647;
			files = (
				6322DDA5136AEE6B00E8E9EF /* Foundation.framework in Frameworks */,
			);
			runOnlyForDeploymentPostprocessing = 0;
		};
		6322DDC1136AEF4800E8E9EF /* Frameworks */ = {
			isa = PBXFrameworksBuildPhase;
			buildActionMask = 2147483647;
			files = (
				6322DDC5136AEF4800E8E9EF /* Foundation.framework in Frameworks */,
			);
			runOnlyForDeploymentPostprocessing = 0;
		};
		6322DDCF136AEF9600E8E9EF /* Frameworks */ = {
			isa = PBXFrameworksBuildPhase;
			buildActionMask = 2147483647;
			files = (
				6322DDD3136AEF9600E8E9EF /* Foundation.framework in Frameworks */,
			);
			runOnlyForDeploymentPostprocessing = 0;
		};
		6322DDDC136AEFA400E8E9EF /* Frameworks */ = {
			isa = PBXFrameworksBuildPhase;
			buildActionMask = 2147483647;
			files = (
				6322DDE0136AEFA400E8E9EF /* Foundation.framework in Frameworks */,
			);
			runOnlyForDeploymentPostprocessing = 0;
		};
		6363D25C134C56ED000BDCFD /* Frameworks */ = {
			isa = PBXFrameworksBuildPhase;
			buildActionMask = 2147483647;
			files = (
				6363D2CF134C5B32000BDCFD /* CoreData.framework in Frameworks */,
				6363D2CD134C5B2E000BDCFD /* QuartzCore.framework in Frameworks */,
				6363D2CB134C5B2A000BDCFD /* AVFoundation.framework in Frameworks */,
				6363D262134C56ED000BDCFD /* UIKit.framework in Frameworks */,
				6363D263134C56ED000BDCFD /* Foundation.framework in Frameworks */,
				6363D265134C56ED000BDCFD /* CoreGraphics.framework in Frameworks */,
			);
			runOnlyForDeploymentPostprocessing = 0;
		};
		63A5CDFB14CDC23C00618F82 /* Frameworks */ = {
			isa = PBXFrameworksBuildPhase;
			buildActionMask = 2147483647;
			files = (
				6367F26F14CDC3B700E695A6 /* GameKit.framework in Frameworks */,
				63A5CDFC14CDC23C00618F82 /* Foundation.framework in Frameworks */,
			);
			runOnlyForDeploymentPostprocessing = 0;
		};
/* End PBXFrameworksBuildPhase section */

/* Begin PBXGroup section */
		630E93FC149D6E2B005B16DC /* Products */ = {
			isa = PBXGroup;
			children = (
				630E9409149D6E2B005B16DC /* BlocksKit.framework */,
				630E940B149D6E2B005B16DC /* BlocksKit.framework */,
				630E940D149D6E2B005B16DC /* libBlocksKit.a */,
				630E940F149D6E2B005B16DC /* BlocksKit.dylib */,
				630E9411149D6E2B005B16DC /* BlocksKit_Chameleon.dylib */,
				630E9413149D6E2B005B16DC /* iOS Tests.app */,
			);
			name = Products;
			sourceTree = "<group>";
		};
		632742511423C83A004943A6 /* Products */ = {
			isa = PBXGroup;
			children = (
				630E93B8149D6D8B005B16DC /* libNimbusAttributedLabel.a */,
				630E93BA149D6D8B005B16DC /* NimbusAttributedLabelTests.octest */,
				6327426C1423C83B004943A6 /* libNimbusCore.a */,
				6327426E1423C83B004943A6 /* NimbusCoreTests.octest */,
				630E93BC149D6D8B005B16DC /* libNimbusCss.a */,
				630E93BE149D6D8B005B16DC /* NimbusCssTests.octest */,
				632742701423C83B004943A6 /* libNimbusInterapp.a */,
				632742721423C83B004943A6 /* NimbusInterappTests.octest */,
				632742741423C83B004943A6 /* libNimbusLauncher.a */,
				632742761423C83B004943A6 /* NimbusLauncherTests.octest */,
				632742781423C83B004943A6 /* libNimbusNetworkImage.a */,
				6327427A1423C83B004943A6 /* NimbusNetworkImageTests.octest */,
				6327427C1423C83B004943A6 /* libNimbusOverview.a */,
				6327427E1423C83B004943A6 /* NimbusOverviewTests.octest */,
				630E93C0149D6D8B005B16DC /* libNimbusPagingScrollView.a */,
				630E93C2149D6D8B005B16DC /* NimbusPagingScrollViewTests.octest */,
				632742801423C83B004943A6 /* libNimbusPhotos.a */,
				632742821423C83B004943A6 /* NimbusPhotosTests.octest */,
				632742841423C83B004943A6 /* libNimbusProcessors.a */,
				632742861423C83B004943A6 /* NimbusProcessorsTests.octest */,
				632742881423C83B004943A6 /* libNimbusModels.a */,
				6327428A1423C83B004943A6 /* NimbusModelsTests.octest */,
				6327428C1423C83B004943A6 /* libNimbusWebController.a */,
				6327428E1423C83B004943A6 /* NimbusWebControllerTests.octest */,
			);
			name = Products;
			sourceTree = "<group>";
		};
		6363D248134C56ED000BDCFD = {
			isa = PBXGroup;
			children = (
				632742501423C83A004943A6 /* Nimbus.xcodeproj */,
				630E93FB149D6E2B005B16DC /* BlocksKit.xcodeproj */,
				6363D28E134C57F2000BDCFD /* HDFoundation */,
				6363D288134C57F2000BDCFD /* HDCoreData */,
				6363D284134C57F2000BDCFD /* HDAudio */,
				6363D29A134C57F2000BDCFD /* HDKit */,
				63A5CDE814CDC22300618F82 /* HDGameKit */,
				6363D269134C56ED000BDCFD /* Tests */,
				6363D255134C56ED000BDCFD /* Frameworks */,
				6363D254134C56ED000BDCFD /* Products */,
			);
			sourceTree = "<group>";
		};
		6363D254134C56ED000BDCFD /* Products */ = {
			isa = PBXGroup;
			children = (
				6363D260134C56ED000BDCFD /* Tests.octest */,
				6322DDA4136AEE6B00E8E9EF /* libHDFoundation.a */,
				6322DDC4136AEF4800E8E9EF /* libHDCoreData.a */,
				6322DDD2136AEF9600E8E9EF /* libHDAudio.a */,
				6322DDDF136AEFA400E8E9EF /* libHDKit.a */,
				63A5CE0A14CDC23C00618F82 /* libHDGameKit.a */,
			);
			name = Products;
			sourceTree = "<group>";
		};
		6363D255134C56ED000BDCFD /* Frameworks */ = {
			isa = PBXGroup;
			children = (
				6367F26E14CDC3B700E695A6 /* GameKit.framework */,
				63B5F03613E849BC00D1185F /* CFNetwork.framework */,
				63B5F03713E849BC00D1185F /* MobileCoreServices.framework */,
				63B5F03813E849BC00D1185F /* SystemConfiguration.framework */,
				630F09EC139BD46300CCA4C5 /* UIKit.framework */,
				634B6A2D139BD3B9007EB45A /* QuartzCore.framework */,
				6363D2CE134C5B32000BDCFD /* CoreData.framework */,
				6363D2CC134C5B2E000BDCFD /* QuartzCore.framework */,
				6363D2CA134C5B2A000BDCFD /* AVFoundation.framework */,
				6363D256134C56ED000BDCFD /* Foundation.framework */,
				6363D261134C56ED000BDCFD /* UIKit.framework */,
				6363D264134C56ED000BDCFD /* CoreGraphics.framework */,
			);
			name = Frameworks;
			sourceTree = "<group>";
		};
		6363D269134C56ED000BDCFD /* Tests */ = {
			isa = PBXGroup;
			children = (
				6363D27C134C5766000BDCFD /* HDFoundation */,
				6363D27D134C5799000BDCFD /* Support */,
			);
			path = Tests;
			sourceTree = "<group>";
		};
		6363D27C134C5766000BDCFD /* HDFoundation */ = {
			isa = PBXGroup;
			children = (
				6363D270134C56ED000BDCFD /* HDFoundationFunctionsTests.h */,
				6363D272134C56ED000BDCFD /* HDFoundationFunctionsTests.m */,
			);
			path = HDFoundation;
			sourceTree = "<group>";
		};
		6363D27D134C5799000BDCFD /* Support */ = {
			isa = PBXGroup;
			children = (
				6363D26B134C56ED000BDCFD /* Info.plist */,
				6363D26F134C56ED000BDCFD /* Prefix.pch */,
			);
			path = Support;
			sourceTree = "<group>";
		};
		6363D284134C57F2000BDCFD /* HDAudio */ = {
			isa = PBXGroup;
			children = (
				6363D285134C57F2000BDCFD /* HDAudio.h */,
				6363D286134C57F2000BDCFD /* HDAudioPlayer.h */,
				6363D287134C57F2000BDCFD /* HDAudioPlayer.m */,
			);
			path = HDAudio;
			sourceTree = "<group>";
		};
		6363D288134C57F2000BDCFD /* HDCoreData */ = {
			isa = PBXGroup;
			children = (
				6363D289134C57F2000BDCFD /* HDCoreData.h */,
				6363D28A134C57F2000BDCFD /* HDManagedObject.h */,
				6363D28B134C57F2000BDCFD /* HDManagedObject.m */,
				6363D28C134C57F2000BDCFD /* HDModelController.h */,
				6363D28D134C57F2000BDCFD /* HDModelController.m */,
			);
			path = HDCoreData;
			sourceTree = "<group>";
		};
		6363D28E134C57F2000BDCFD /* HDFoundation */ = {
			isa = PBXGroup;
			children = (
				6363D294134C57F2000BDCFD /* HDFoundation.h */,
				6385801413A174D900CE35ED /* HDMacros.h */,
				6363D2C9134C58B9000BDCFD /* HDMath.h */,
				632742971423CA96004943A6 /* HDMath.m */,
				6363D295134C57F2000BDCFD /* HDTypes.h */,
				632742931423CA06004943A6 /* HDTypes.m */,
				6363D298134C57F2000BDCFD /* NSString+HDAdditions.h */,
				6363D299134C57F2000BDCFD /* NSString+HDAdditions.m */,
				6366C0171373F4490032B6F9 /* NSArray+HDAdditions.h */,
				6366C0181373F4490032B6F9 /* NSArray+HDAdditions.m */,
				6363D296134C57F2000BDCFD /* NSMutableArray+HDAdditions.h */,
				6363D297134C57F2000BDCFD /* NSMutableArray+HDAdditions.m */,
				6377F04F13B3B2D200AB8DD3 /* NSSet+HDAdditions.h */,
				6377F05013B3B2D200AB8DD3 /* NSSet+HDAdditions.m */,
				6365E7B413D8751B00BCC434 /* NSIndexPath+HDAdditions.h */,
				6365E7B513D8751B00BCC434 /* NSIndexPath+HDAdditions.m */,
				630A1D4513F427C300286CC4 /* HDKeyValueStore.h */,
				630A1D4613F427C300286CC4 /* HDKeyValueStore.m */,
				6367F3C514CDC7A500E695A6 /* HDPerlinNoise.h */,
				6367F3C614CDC7A500E695A6 /* HDPerlinNoise.m */,
			);
			path = HDFoundation;
			sourceTree = "<group>";
		};
		6363D29A134C57F2000BDCFD /* HDKit */ = {
			isa = PBXGroup;
			children = (
				6363D2A8134C57F2000BDCFD /* HDKit.h */,
				6363D2A5134C57F2000BDCFD /* HDKitFunctions.h */,
				6363D2AD134C57F2000BDCFD /* UIDevice+HDAdditions.h */,
				6363D2AE134C57F2000BDCFD /* UIDevice+HDAdditions.m */,
				63A0C03B13CDD7DB0090E6F1 /* UIApplication+HDAdditions.h */,
				63A0C03C13CDD7DB0090E6F1 /* UIApplication+HDAdditions.m */,
				6363D2AF134C57F2000BDCFD /* UIImage+HDAdditions.h */,
				6363D2B0134C57F2000BDCFD /* UIImage+HDAdditions.m */,
				63777138143C959700594D7E /* UIControl+HDAdditions.h */,
				63777139143C959700594D7E /* UIControl+HDAdditions.m */,
				630DD8C913D43D4D0048E682 /* UIView+HDAdditions.h */,
				630F09F1139BD48200CCA4C5 /* UIView+HDAdditions.m */,
				63851D3D13FC0F1E00D42CA8 /* UINavigationController+HDAdditions.h */,
				63851D3E13FC0F1E00D42CA8 /* UINavigationController+HDAdditions.m */,
				631FBC36148532730058B924 /* UIBezierPath+HDAdditions.h */,
				631FBC37148532740058B924 /* UIBezierPath+HDAdditions.m */,
				6357580C14CDF650008B06F7 /* HDAdMob.h */,
				6357580D14CDF650008B06F7 /* HDAdMob.m */,
				6363D29B134C57F2000BDCFD /* HDAnimatedImage.h */,
				6363D29C134C57F2000BDCFD /* HDAnimatedImage.m */,
				6363D29D134C57F2000BDCFD /* HDClipView.h */,
				6363D29E134C57F2000BDCFD /* HDClipView.m */,
				6363D29F134C57F2000BDCFD /* HDDraggableButton.h */,
				6363D2A0134C57F2000BDCFD /* HDDraggableButton.m */,
				6363D2A1134C57F2000BDCFD /* HDDrawableView.h */,
				6363D2A2134C57F2000BDCFD /* HDDrawableView.m */,
				6363D2A3134C57F2000BDCFD /* HDErasableImage.h */,
				6363D2A4134C57F2000BDCFD /* HDErasableImage.m */,
				63F5FF9413EBF5BB004D30FF /* HDMatrixControl.h */,
				63F5FF9513EBF5BB004D30FF /* HDMatrixControl.m */,
				63D3103A13F16595008C8BF8 /* HDPlaceholderTextView.h */,
				63D3103B13F16595008C8BF8 /* HDPlaceholderTextView.m */,
			);
			path = HDKit;
			sourceTree = "<group>";
		};
		63A5CDE814CDC22300618F82 /* HDGameKit */ = {
			isa = PBXGroup;
			children = (
				63A5CE0B14CDC26400618F82 /* HDGameKit.h */,
				63A5CE1414CDC2B900618F82 /* HDGameCenterManager.h */,
				63A5CE1514CDC2B900618F82 /* HDGameCenterManager.m */,
			);
			name = HDGameKit;
			path = HDGameCenter;
			sourceTree = "<group>";
		};
/* End PBXGroup section */

/* Begin PBXHeadersBuildPhase section */
		6322DDA2136AEE6B00E8E9EF /* Headers */ = {
			isa = PBXHeadersBuildPhase;
			buildActionMask = 2147483647;
			files = (
				6366C0191373F4490032B6F9 /* NSArray+HDAdditions.h in Headers */,
				6385801513A174D900CE35ED /* HDMacros.h in Headers */,
				6377F05113B3B2D200AB8DD3 /* NSSet+HDAdditions.h in Headers */,
				6365E7B613D8751B00BCC434 /* NSIndexPath+HDAdditions.h in Headers */,
				630A1D4713F427C300286CC4 /* HDKeyValueStore.h in Headers */,
				6367F3C714CDC7A500E695A6 /* HDPerlinNoise.h in Headers */,
			);
			runOnlyForDeploymentPostprocessing = 0;
		};
		6322DDC2136AEF4800E8E9EF /* Headers */ = {
			isa = PBXHeadersBuildPhase;
			buildActionMask = 2147483647;
			files = (
			);
			runOnlyForDeploymentPostprocessing = 0;
		};
		6322DDD0136AEF9600E8E9EF /* Headers */ = {
			isa = PBXHeadersBuildPhase;
			buildActionMask = 2147483647;
			files = (
			);
			runOnlyForDeploymentPostprocessing = 0;
		};
		6322DDDD136AEFA400E8E9EF /* Headers */ = {
			isa = PBXHeadersBuildPhase;
			buildActionMask = 2147483647;
			files = (
				63A0C03D13CDD7DB0090E6F1 /* UIApplication+HDAdditions.h in Headers */,
				630DD8CA13D43D4D0048E682 /* UIView+HDAdditions.h in Headers */,
				63F5FF9613EBF5BB004D30FF /* HDMatrixControl.h in Headers */,
				63D3103C13F16595008C8BF8 /* HDPlaceholderTextView.h in Headers */,
				63851D3F13FC0F1E00D42CA8 /* UINavigationController+HDAdditions.h in Headers */,
				6377713A143C959700594D7E /* UIControl+HDAdditions.h in Headers */,
				631FBC38148532740058B924 /* UIBezierPath+HDAdditions.h in Headers */,
				6357580E14CDF650008B06F7 /* HDAdMob.h in Headers */,
			);
			runOnlyForDeploymentPostprocessing = 0;
		};
		63A5CDFD14CDC23C00618F82 /* Headers */ = {
			isa = PBXHeadersBuildPhase;
			buildActionMask = 2147483647;
			files = (
				63A5CDFE14CDC23C00618F82 /* UIApplication+HDAdditions.h in Headers */,
				63A5CDFF14CDC23C00618F82 /* UIView+HDAdditions.h in Headers */,
				63A5CE0014CDC23C00618F82 /* HDMatrixControl.h in Headers */,
				63A5CE0114CDC23C00618F82 /* HDPlaceholderTextView.h in Headers */,
				63A5CE0214CDC23C00618F82 /* UINavigationController+HDAdditions.h in Headers */,
				63A5CE0314CDC23C00618F82 /* UIControl+HDAdditions.h in Headers */,
				63A5CE0414CDC23C00618F82 /* UIBezierPath+HDAdditions.h in Headers */,
				63A5CE0C14CDC26400618F82 /* HDGameKit.h in Headers */,
				63A5CE1614CDC2B900618F82 /* HDGameCenterManager.h in Headers */,
			);
			runOnlyForDeploymentPostprocessing = 0;
		};
/* End PBXHeadersBuildPhase section */

/* Begin PBXNativeTarget section */
		6322DDA3136AEE6B00E8E9EF /* HDFoundation */ = {
			isa = PBXNativeTarget;
			buildConfigurationList = 6322DDAB136AEE6B00E8E9EF /* Build configuration list for PBXNativeTarget "HDFoundation" */;
			buildPhases = (
				6322DDA0136AEE6B00E8E9EF /* Sources */,
				6322DDA1136AEE6B00E8E9EF /* Frameworks */,
				6322DDA2136AEE6B00E8E9EF /* Headers */,
			);
			buildRules = (
			);
			dependencies = (
				632742961423CA7A004943A6 /* PBXTargetDependency */,
			);
			name = HDFoundation;
			productName = HDLibraries;
			productReference = 6322DDA4136AEE6B00E8E9EF /* libHDFoundation.a */;
			productType = "com.apple.product-type.library.static";
		};
		6322DDC3136AEF4800E8E9EF /* HDCoreData */ = {
			isa = PBXNativeTarget;
			buildConfigurationList = 6322DDC9136AEF4800E8E9EF /* Build configuration list for PBXNativeTarget "HDCoreData" */;
			buildPhases = (
				6322DDC0136AEF4800E8E9EF /* Sources */,
				6322DDC1136AEF4800E8E9EF /* Frameworks */,
				6322DDC2136AEF4800E8E9EF /* Headers */,
			);
			buildRules = (
			);
			dependencies = (
				6375C66813E9673F00CEE9C7 /* PBXTargetDependency */,
			);
			name = HDCoreData;
			productName = HDCoreData;
			productReference = 6322DDC4136AEF4800E8E9EF /* libHDCoreData.a */;
			productType = "com.apple.product-type.library.static";
		};
		6322DDD1136AEF9600E8E9EF /* HDAudio */ = {
			isa = PBXNativeTarget;
			buildConfigurationList = 6322DDD7136AEF9600E8E9EF /* Build configuration list for PBXNativeTarget "HDAudio" */;
			buildPhases = (
				6322DDCE136AEF9600E8E9EF /* Sources */,
				6322DDCF136AEF9600E8E9EF /* Frameworks */,
				6322DDD0136AEF9600E8E9EF /* Headers */,
			);
			buildRules = (
			);
			dependencies = (
				6375C66A13E9674400CEE9C7 /* PBXTargetDependency */,
			);
			name = HDAudio;
			productName = HDAudio;
			productReference = 6322DDD2136AEF9600E8E9EF /* libHDAudio.a */;
			productType = "com.apple.product-type.library.static";
		};
		6322DDDE136AEFA400E8E9EF /* HDKit */ = {
			isa = PBXNativeTarget;
			buildConfigurationList = 6322DDE4136AEFA400E8E9EF /* Build configuration list for PBXNativeTarget "HDKit" */;
			buildPhases = (
				6322DDDB136AEFA400E8E9EF /* Sources */,
				6322DDDC136AEFA400E8E9EF /* Frameworks */,
				6322DDDD136AEFA400E8E9EF /* Headers */,
			);
			buildRules = (
			);
			dependencies = (
				6375C66E13E9674B00CEE9C7 /* PBXTargetDependency */,
			);
			name = HDKit;
			productName = HDKit;
			productReference = 6322DDDF136AEFA400E8E9EF /* libHDKit.a */;
			productType = "com.apple.product-type.library.static";
		};
		6363D25F134C56ED000BDCFD /* Tests */ = {
			isa = PBXNativeTarget;
			buildConfigurationList = 6363D279134C56ED000BDCFD /* Build configuration list for PBXNativeTarget "Tests" */;
			buildPhases = (
				6363D25B134C56ED000BDCFD /* Sources */,
				6363D25C134C56ED000BDCFD /* Frameworks */,
				6363D25D134C56ED000BDCFD /* Resources */,
				6363D25E134C56ED000BDCFD /* ShellScript */,
			);
			buildRules = (
			);
			dependencies = (
			);
			name = Tests;
			productName = HDLibrariesTests;
			productReference = 6363D260134C56ED000BDCFD /* Tests.octest */;
			productType = "com.apple.product-type.bundle";
		};
		63A5CDE914CDC23C00618F82 /* HDGameKit */ = {
			isa = PBXNativeTarget;
			buildConfigurationList = 63A5CE0514CDC23C00618F82 /* Build configuration list for PBXNativeTarget "HDGameKit" */;
			buildPhases = (
				63A5CDEC14CDC23C00618F82 /* Sources */,
				63A5CDFB14CDC23C00618F82 /* Frameworks */,
				63A5CDFD14CDC23C00618F82 /* Headers */,
			);
			buildRules = (
			);
			dependencies = (
				6367F33114CDC49B00E695A6 /* PBXTargetDependency */,
				6367F27214CDC42E00E695A6 /* PBXTargetDependency */,
			);
			name = HDGameKit;
			productName = HDKit;
			productReference = 63A5CE0A14CDC23C00618F82 /* libHDGameKit.a */;
			productType = "com.apple.product-type.library.static";
		};
/* End PBXNativeTarget section */

/* Begin PBXProject section */
		6363D24A134C56ED000BDCFD /* Project object */ = {
			isa = PBXProject;
			attributes = {
				LastUpgradeCheck = 0430;
				ORGANIZATIONNAME = "hart[dev]";
			};
			buildConfigurationList = 6363D24D134C56ED000BDCFD /* Build configuration list for PBXProject "HDLibraries" */;
			compatibilityVersion = "Xcode 3.2";
			developmentRegion = English;
			hasScannedForEncodings = 0;
			knownRegions = (
				en,
			);
			mainGroup = 6363D248134C56ED000BDCFD;
			productRefGroup = 6363D254134C56ED000BDCFD /* Products */;
			projectDirPath = "";
			projectReferences = (
				{
					ProductGroup = 630E93FC149D6E2B005B16DC /* Products */;
					ProjectRef = 630E93FB149D6E2B005B16DC /* BlocksKit.xcodeproj */;
				},
				{
					ProductGroup = 632742511423C83A004943A6 /* Products */;
					ProjectRef = 632742501423C83A004943A6 /* Nimbus.xcodeproj */;
				},
			);
			projectRoot = "";
			targets = (
				6322DDA3136AEE6B00E8E9EF /* HDFoundation */,
				6322DDC3136AEF4800E8E9EF /* HDCoreData */,
				6322DDD1136AEF9600E8E9EF /* HDAudio */,
				6322DDDE136AEFA400E8E9EF /* HDKit */,
				63A5CDE914CDC23C00618F82 /* HDGameKit */,
				6363D25F134C56ED000BDCFD /* Tests */,
			);
		};
/* End PBXProject section */

/* Begin PBXReferenceProxy section */
		630E93B8149D6D8B005B16DC /* libNimbusAttributedLabel.a */ = {
			isa = PBXReferenceProxy;
			fileType = archive.ar;
			path = libNimbusAttributedLabel.a;
			remoteRef = 630E93B7149D6D8B005B16DC /* PBXContainerItemProxy */;
			sourceTree = BUILT_PRODUCTS_DIR;
		};
		630E93BA149D6D8B005B16DC /* NimbusAttributedLabelTests.octest */ = {
			isa = PBXReferenceProxy;
			fileType = wrapper.cfbundle;
			path = NimbusAttributedLabelTests.octest;
			remoteRef = 630E93B9149D6D8B005B16DC /* PBXContainerItemProxy */;
			sourceTree = BUILT_PRODUCTS_DIR;
		};
		630E93BC149D6D8B005B16DC /* libNimbusCss.a */ = {
			isa = PBXReferenceProxy;
			fileType = archive.ar;
			path = libNimbusCss.a;
			remoteRef = 630E93BB149D6D8B005B16DC /* PBXContainerItemProxy */;
			sourceTree = BUILT_PRODUCTS_DIR;
		};
		630E93BE149D6D8B005B16DC /* NimbusCssTests.octest */ = {
			isa = PBXReferenceProxy;
			fileType = wrapper.cfbundle;
			path = NimbusCssTests.octest;
			remoteRef = 630E93BD149D6D8B005B16DC /* PBXContainerItemProxy */;
			sourceTree = BUILT_PRODUCTS_DIR;
		};
		630E93C0149D6D8B005B16DC /* libNimbusPagingScrollView.a */ = {
			isa = PBXReferenceProxy;
			fileType = archive.ar;
			path = libNimbusPagingScrollView.a;
			remoteRef = 630E93BF149D6D8B005B16DC /* PBXContainerItemProxy */;
			sourceTree = BUILT_PRODUCTS_DIR;
		};
		630E93C2149D6D8B005B16DC /* NimbusPagingScrollViewTests.octest */ = {
			isa = PBXReferenceProxy;
			fileType = wrapper.cfbundle;
			path = NimbusPagingScrollViewTests.octest;
			remoteRef = 630E93C1149D6D8B005B16DC /* PBXContainerItemProxy */;
			sourceTree = BUILT_PRODUCTS_DIR;
		};
		630E9409149D6E2B005B16DC /* BlocksKit.framework */ = {
			isa = PBXReferenceProxy;
			fileType = wrapper.cfbundle;
			path = BlocksKit.framework;
			remoteRef = 630E9408149D6E2B005B16DC /* PBXContainerItemProxy */;
			sourceTree = BUILT_PRODUCTS_DIR;
		};
		630E940B149D6E2B005B16DC /* BlocksKit.framework */ = {
			isa = PBXReferenceProxy;
			fileType = wrapper.framework;
			path = BlocksKit.framework;
			remoteRef = 630E940A149D6E2B005B16DC /* PBXContainerItemProxy */;
			sourceTree = BUILT_PRODUCTS_DIR;
		};
		630E940D149D6E2B005B16DC /* libBlocksKit.a */ = {
			isa = PBXReferenceProxy;
			fileType = archive.ar;
			path = libBlocksKit.a;
			remoteRef = 630E940C149D6E2B005B16DC /* PBXContainerItemProxy */;
			sourceTree = BUILT_PRODUCTS_DIR;
		};
		630E940F149D6E2B005B16DC /* BlocksKit.dylib */ = {
			isa = PBXReferenceProxy;
			fileType = "compiled.mach-o.dylib";
			path = BlocksKit.dylib;
			remoteRef = 630E940E149D6E2B005B16DC /* PBXContainerItemProxy */;
			sourceTree = BUILT_PRODUCTS_DIR;
		};
		630E9411149D6E2B005B16DC /* BlocksKit_Chameleon.dylib */ = {
			isa = PBXReferenceProxy;
			fileType = "compiled.mach-o.dylib";
			path = BlocksKit_Chameleon.dylib;
			remoteRef = 630E9410149D6E2B005B16DC /* PBXContainerItemProxy */;
			sourceTree = BUILT_PRODUCTS_DIR;
		};
		630E9413149D6E2B005B16DC /* iOS Tests.app */ = {
			isa = PBXReferenceProxy;
			fileType = wrapper.application;
			path = "iOS Tests.app";
			remoteRef = 630E9412149D6E2B005B16DC /* PBXContainerItemProxy */;
			sourceTree = BUILT_PRODUCTS_DIR;
		};
		6327426C1423C83B004943A6 /* libNimbusCore.a */ = {
			isa = PBXReferenceProxy;
			fileType = archive.ar;
			path = libNimbusCore.a;
			remoteRef = 6327426B1423C83B004943A6 /* PBXContainerItemProxy */;
			sourceTree = BUILT_PRODUCTS_DIR;
		};
		6327426E1423C83B004943A6 /* NimbusCoreTests.octest */ = {
			isa = PBXReferenceProxy;
			fileType = wrapper.cfbundle;
			path = NimbusCoreTests.octest;
			remoteRef = 6327426D1423C83B004943A6 /* PBXContainerItemProxy */;
			sourceTree = BUILT_PRODUCTS_DIR;
		};
		632742701423C83B004943A6 /* libNimbusInterapp.a */ = {
			isa = PBXReferenceProxy;
			fileType = archive.ar;
			path = libNimbusInterapp.a;
			remoteRef = 6327426F1423C83B004943A6 /* PBXContainerItemProxy */;
			sourceTree = BUILT_PRODUCTS_DIR;
		};
		632742721423C83B004943A6 /* NimbusInterappTests.octest */ = {
			isa = PBXReferenceProxy;
			fileType = wrapper.cfbundle;
			path = NimbusInterappTests.octest;
			remoteRef = 632742711423C83B004943A6 /* PBXContainerItemProxy */;
			sourceTree = BUILT_PRODUCTS_DIR;
		};
		632742741423C83B004943A6 /* libNimbusLauncher.a */ = {
			isa = PBXReferenceProxy;
			fileType = archive.ar;
			path = libNimbusLauncher.a;
			remoteRef = 632742731423C83B004943A6 /* PBXContainerItemProxy */;
			sourceTree = BUILT_PRODUCTS_DIR;
		};
		632742761423C83B004943A6 /* NimbusLauncherTests.octest */ = {
			isa = PBXReferenceProxy;
			fileType = wrapper.cfbundle;
			path = NimbusLauncherTests.octest;
			remoteRef = 632742751423C83B004943A6 /* PBXContainerItemProxy */;
			sourceTree = BUILT_PRODUCTS_DIR;
		};
		632742781423C83B004943A6 /* libNimbusNetworkImage.a */ = {
			isa = PBXReferenceProxy;
			fileType = archive.ar;
			path = libNimbusNetworkImage.a;
			remoteRef = 632742771423C83B004943A6 /* PBXContainerItemProxy */;
			sourceTree = BUILT_PRODUCTS_DIR;
		};
		6327427A1423C83B004943A6 /* NimbusNetworkImageTests.octest */ = {
			isa = PBXReferenceProxy;
			fileType = wrapper.cfbundle;
			path = NimbusNetworkImageTests.octest;
			remoteRef = 632742791423C83B004943A6 /* PBXContainerItemProxy */;
			sourceTree = BUILT_PRODUCTS_DIR;
		};
		6327427C1423C83B004943A6 /* libNimbusOverview.a */ = {
			isa = PBXReferenceProxy;
			fileType = archive.ar;
			path = libNimbusOverview.a;
			remoteRef = 6327427B1423C83B004943A6 /* PBXContainerItemProxy */;
			sourceTree = BUILT_PRODUCTS_DIR;
		};
		6327427E1423C83B004943A6 /* NimbusOverviewTests.octest */ = {
			isa = PBXReferenceProxy;
			fileType = wrapper.cfbundle;
			path = NimbusOverviewTests.octest;
			remoteRef = 6327427D1423C83B004943A6 /* PBXContainerItemProxy */;
			sourceTree = BUILT_PRODUCTS_DIR;
		};
		632742801423C83B004943A6 /* libNimbusPhotos.a */ = {
			isa = PBXReferenceProxy;
			fileType = archive.ar;
			path = libNimbusPhotos.a;
			remoteRef = 6327427F1423C83B004943A6 /* PBXContainerItemProxy */;
			sourceTree = BUILT_PRODUCTS_DIR;
		};
		632742821423C83B004943A6 /* NimbusPhotosTests.octest */ = {
			isa = PBXReferenceProxy;
			fileType = wrapper.cfbundle;
			path = NimbusPhotosTests.octest;
			remoteRef = 632742811423C83B004943A6 /* PBXContainerItemProxy */;
			sourceTree = BUILT_PRODUCTS_DIR;
		};
		632742841423C83B004943A6 /* libNimbusProcessors.a */ = {
			isa = PBXReferenceProxy;
			fileType = archive.ar;
			path = libNimbusProcessors.a;
			remoteRef = 632742831423C83B004943A6 /* PBXContainerItemProxy */;
			sourceTree = BUILT_PRODUCTS_DIR;
		};
		632742861423C83B004943A6 /* NimbusProcessorsTests.octest */ = {
			isa = PBXReferenceProxy;
			fileType = wrapper.cfbundle;
			path = NimbusProcessorsTests.octest;
			remoteRef = 632742851423C83B004943A6 /* PBXContainerItemProxy */;
			sourceTree = BUILT_PRODUCTS_DIR;
		};
		632742881423C83B004943A6 /* libNimbusModels.a */ = {
			isa = PBXReferenceProxy;
			fileType = archive.ar;
			path = libNimbusModels.a;
			remoteRef = 632742871423C83B004943A6 /* PBXContainerItemProxy */;
			sourceTree = BUILT_PRODUCTS_DIR;
		};
		6327428A1423C83B004943A6 /* NimbusModelsTests.octest */ = {
			isa = PBXReferenceProxy;
			fileType = wrapper.cfbundle;
			path = NimbusModelsTests.octest;
			remoteRef = 632742891423C83B004943A6 /* PBXContainerItemProxy */;
			sourceTree = BUILT_PRODUCTS_DIR;
		};
		6327428C1423C83B004943A6 /* libNimbusWebController.a */ = {
			isa = PBXReferenceProxy;
			fileType = archive.ar;
			path = libNimbusWebController.a;
			remoteRef = 6327428B1423C83B004943A6 /* PBXContainerItemProxy */;
			sourceTree = BUILT_PRODUCTS_DIR;
		};
		6327428E1423C83B004943A6 /* NimbusWebControllerTests.octest */ = {
			isa = PBXReferenceProxy;
			fileType = wrapper.cfbundle;
			path = NimbusWebControllerTests.octest;
			remoteRef = 6327428D1423C83B004943A6 /* PBXContainerItemProxy */;
			sourceTree = BUILT_PRODUCTS_DIR;
		};
/* End PBXReferenceProxy section */

/* Begin PBXResourcesBuildPhase section */
		6363D25D134C56ED000BDCFD /* Resources */ = {
			isa = PBXResourcesBuildPhase;
			buildActionMask = 2147483647;
			files = (
				6363D271134C56ED000BDCFD /* HDFoundationFunctionsTests.h in Resources */,
			);
			runOnlyForDeploymentPostprocessing = 0;
		};
/* End PBXResourcesBuildPhase section */

/* Begin PBXShellScriptBuildPhase section */
		6363D25E134C56ED000BDCFD /* ShellScript */ = {
			isa = PBXShellScriptBuildPhase;
			buildActionMask = 2147483647;
			files = (
			);
			inputPaths = (
			);
			outputPaths = (
			);
			runOnlyForDeploymentPostprocessing = 0;
			shellPath = /bin/sh;
			shellScript = "# Run the unit tests in this test bundle.\n\"${SYSTEM_DEVELOPER_DIR}/Tools/RunUnitTests\"\n";
		};
/* End PBXShellScriptBuildPhase section */

/* Begin PBXSourcesBuildPhase section */
		6322DDA0136AEE6B00E8E9EF /* Sources */ = {
			isa = PBXSourcesBuildPhase;
			buildActionMask = 2147483647;
			files = (
				6322DDAF136AEE8200E8E9EF /* NSMutableArray+HDAdditions.m in Sources */,
				6322DDB0136AEE8200E8E9EF /* NSString+HDAdditions.m in Sources */,
				6366C01A1373F4490032B6F9 /* NSArray+HDAdditions.m in Sources */,
				6377F05213B3B2D200AB8DD3 /* NSSet+HDAdditions.m in Sources */,
				6365E7B713D8751B00BCC434 /* NSIndexPath+HDAdditions.m in Sources */,
				630A1D4813F427C300286CC4 /* HDKeyValueStore.m in Sources */,
				632742941423CA07004943A6 /* HDTypes.m in Sources */,
				632742981423CA96004943A6 /* HDMath.m in Sources */,
				6367F3C814CDC7A500E695A6 /* HDPerlinNoise.m in Sources */,
			);
			runOnlyForDeploymentPostprocessing = 0;
		};
		6322DDC0136AEF4800E8E9EF /* Sources */ = {
			isa = PBXSourcesBuildPhase;
			buildActionMask = 2147483647;
			files = (
				6322DDCC136AEF5300E8E9EF /* HDManagedObject.m in Sources */,
				6322DDCD136AEF5300E8E9EF /* HDModelController.m in Sources */,
			);
			runOnlyForDeploymentPostprocessing = 0;
		};
		6322DDCE136AEF9600E8E9EF /* Sources */ = {
			isa = PBXSourcesBuildPhase;
			buildActionMask = 2147483647;
			files = (
				6322DDDA136AEF9C00E8E9EF /* HDAudioPlayer.m in Sources */,
			);
			runOnlyForDeploymentPostprocessing = 0;
		};
		6322DDDB136AEFA400E8E9EF /* Sources */ = {
			isa = PBXSourcesBuildPhase;
			buildActionMask = 2147483647;
			files = (
				6322DDE7136AEFBE00E8E9EF /* HDAnimatedImage.m in Sources */,
				6322DDE8136AEFBE00E8E9EF /* HDClipView.m in Sources */,
				6322DDE9136AEFBE00E8E9EF /* HDDraggableButton.m in Sources */,
				6322DDEA136AEFBE00E8E9EF /* HDDrawableView.m in Sources */,
				6322DDEB136AEFBE00E8E9EF /* HDErasableImage.m in Sources */,
				6322DDEF136AEFBE00E8E9EF /* UIDevice+HDAdditions.m in Sources */,
				6322DDF0136AEFBE00E8E9EF /* UIImage+HDAdditions.m in Sources */,
				630F09F4139BD48200CCA4C5 /* UIView+HDAdditions.m in Sources */,
				63A0C03E13CDD7DB0090E6F1 /* UIApplication+HDAdditions.m in Sources */,
				63F5FF9713EBF5BB004D30FF /* HDMatrixControl.m in Sources */,
				63D3103D13F16595008C8BF8 /* HDPlaceholderTextView.m in Sources */,
				63851D4013FC0F1E00D42CA8 /* UINavigationController+HDAdditions.m in Sources */,
				6377713B143C959700594D7E /* UIControl+HDAdditions.m in Sources */,
				631FBC39148532740058B924 /* UIBezierPath+HDAdditions.m in Sources */,
				6357580F14CDF650008B06F7 /* HDAdMob.m in Sources */,
			);
			runOnlyForDeploymentPostprocessing = 0;
		};
		6363D25B134C56ED000BDCFD /* Sources */ = {
			isa = PBXSourcesBuildPhase;
			buildActionMask = 2147483647;
			files = (
				6363D273134C56ED000BDCFD /* HDFoundationFunctionsTests.m in Sources */,
				6363D2B5134C57F2000BDCFD /* HDAudioPlayer.m in Sources */,
				6363D2B6134C57F2000BDCFD /* HDManagedObject.m in Sources */,
				6363D2B7134C57F2000BDCFD /* HDModelController.m in Sources */,
				6363D2BA134C57F2000BDCFD /* NSMutableArray+HDAdditions.m in Sources */,
				6363D2BB134C57F2000BDCFD /* NSString+HDAdditions.m in Sources */,
			);
			runOnlyForDeploymentPostprocessing = 0;
		};
		63A5CDEC14CDC23C00618F82 /* Sources */ = {
			isa = PBXSourcesBuildPhase;
			buildActionMask = 2147483647;
			files = (
				63A5CE1714CDC2B900618F82 /* HDGameCenterManager.m in Sources */,
			);
			runOnlyForDeploymentPostprocessing = 0;
		};
/* End PBXSourcesBuildPhase section */

/* Begin PBXTargetDependency section */
		632742961423CA7A004943A6 /* PBXTargetDependency */ = {
			isa = PBXTargetDependency;
			name = NimbusCore;
			targetProxy = 632742951423CA7A004943A6 /* PBXContainerItemProxy */;
		};
		6367F27214CDC42E00E695A6 /* PBXTargetDependency */ = {
			isa = PBXTargetDependency;
			name = NimbusCore;
			targetProxy = 6367F27114CDC42E00E695A6 /* PBXContainerItemProxy */;
		};
		6367F33114CDC49B00E695A6 /* PBXTargetDependency */ = {
			isa = PBXTargetDependency;
			target = 6322DDDE136AEFA400E8E9EF /* HDKit */;
			targetProxy = 6367F33014CDC49B00E695A6 /* PBXContainerItemProxy */;
		};
		6375C66813E9673F00CEE9C7 /* PBXTargetDependency */ = {
			isa = PBXTargetDependency;
			target = 6322DDA3136AEE6B00E8E9EF /* HDFoundation */;
			targetProxy = 6375C66713E9673F00CEE9C7 /* PBXContainerItemProxy */;
		};
		6375C66A13E9674400CEE9C7 /* PBXTargetDependency */ = {
			isa = PBXTargetDependency;
			target = 6322DDA3136AEE6B00E8E9EF /* HDFoundation */;
			targetProxy = 6375C66913E9674400CEE9C7 /* PBXContainerItemProxy */;
		};
		6375C66E13E9674B00CEE9C7 /* PBXTargetDependency */ = {
			isa = PBXTargetDependency;
			target = 6322DDA3136AEE6B00E8E9EF /* HDFoundation */;
			targetProxy = 6375C66D13E9674B00CEE9C7 /* PBXContainerItemProxy */;
		};
/* End PBXTargetDependency section */

/* Begin XCBuildConfiguration section */
		63207E6B142A4FEA0095E62C /* AdHoc */ = {
			isa = XCBuildConfiguration;
			buildSettings = {
				ARCHS = "$(ARCHS_STANDARD_32_BIT)";
				CLANG_WARN_OBJCPP_ARC_ABI = YES;
				COPY_PHASE_STRIP = NO;
				GCC_C_LANGUAGE_STANDARD = gnu99;
				GCC_VERSION = com.apple.compilers.llvm.clang.1_0;
				GCC_WARN_ABOUT_MISSING_PROTOTYPES = YES;
				GCC_WARN_ABOUT_RETURN_TYPE = YES;
				GCC_WARN_UNUSED_VARIABLE = YES;
				HEADER_SEARCH_PATHS = "Libraries/nimbus/**";
				IPHONEOS_DEPLOYMENT_TARGET = 4.3;
				OTHER_LDFLAGS = (
					"-ObjC",
					"-all_load",
				);
				SDKROOT = iphoneos;
				SKIP_INSTALL = YES;
				STRIP_INSTALLED_PRODUCT = NO;
			};
			name = AdHoc;
		};
		63207E6C142A4FEA0095E62C /* AdHoc */ = {
			isa = XCBuildConfiguration;
			buildSettings = {
				ALWAYS_SEARCH_USER_PATHS = NO;
				CLANG_ENABLE_OBJC_ARC = YES;
				DSTROOT = /tmp/HDLibraries.dst;
				GCC_PRECOMPILE_PREFIX_HEADER = NO;
				GCC_PREFIX_HEADER = "";
				PRODUCT_NAME = "$(TARGET_NAME)";
			};
			name = AdHoc;
		};
		63207E6D142A4FEA0095E62C /* AdHoc */ = {
			isa = XCBuildConfiguration;
			buildSettings = {
				ALWAYS_SEARCH_USER_PATHS = NO;
				CLANG_ENABLE_OBJC_ARC = YES;
				DSTROOT = /tmp/HDCoreData.dst;
				GCC_PRECOMPILE_PREFIX_HEADER = NO;
				GCC_PREFIX_HEADER = "";
				PRODUCT_NAME = "$(TARGET_NAME)";
			};
			name = AdHoc;
		};
		63207E6E142A4FEA0095E62C /* AdHoc */ = {
			isa = XCBuildConfiguration;
			buildSettings = {
				ALWAYS_SEARCH_USER_PATHS = NO;
				CLANG_ENABLE_OBJC_ARC = YES;
				DSTROOT = /tmp/HDAudio.dst;
				GCC_PRECOMPILE_PREFIX_HEADER = NO;
				GCC_PREFIX_HEADER = "";
				PRODUCT_NAME = "$(TARGET_NAME)";
			};
			name = AdHoc;
		};
		63207E70142A4FEA0095E62C /* AdHoc */ = {
			isa = XCBuildConfiguration;
			buildSettings = {
				ALWAYS_SEARCH_USER_PATHS = NO;
				CLANG_ENABLE_OBJC_ARC = YES;
				DSTROOT = /tmp/HDKit.dst;
				GCC_PRECOMPILE_PREFIX_HEADER = NO;
				GCC_PREFIX_HEADER = "";
				PRODUCT_NAME = "$(TARGET_NAME)";
			};
			name = AdHoc;
		};
		63207E72142A4FEA0095E62C /* AdHoc */ = {
			isa = XCBuildConfiguration;
			buildSettings = {
				ALWAYS_SEARCH_USER_PATHS = NO;
				FRAMEWORK_SEARCH_PATHS = (
					"$(SDKROOT)/Developer/Library/Frameworks",
					"$(DEVELOPER_LIBRARY_DIR)/Frameworks",
				);
				GCC_PRECOMPILE_PREFIX_HEADER = YES;
				GCC_PREFIX_HEADER = Tests/Support/Prefix.pch;
				INFOPLIST_FILE = Tests/Support/Info.plist;
				OTHER_LDFLAGS = (
					"-framework",
					SenTestingKit,
				);
				PRODUCT_NAME = "$(TARGET_NAME)";
				WRAPPER_EXTENSION = octest;
			};
			name = AdHoc;
		};
		6322DDA9136AEE6B00E8E9EF /* Debug */ = {
			isa = XCBuildConfiguration;
			buildSettings = {
				ALWAYS_SEARCH_USER_PATHS = NO;
				CLANG_ENABLE_OBJC_ARC = YES;
				DSTROOT = /tmp/HDLibraries.dst;
				GCC_PRECOMPILE_PREFIX_HEADER = NO;
				GCC_PREFIX_HEADER = "";
				PRODUCT_NAME = "$(TARGET_NAME)";
			};
			name = Debug;
		};
		6322DDAA136AEE6B00E8E9EF /* Release */ = {
			isa = XCBuildConfiguration;
			buildSettings = {
				ALWAYS_SEARCH_USER_PATHS = NO;
				CLANG_ENABLE_OBJC_ARC = YES;
				DSTROOT = /tmp/HDLibraries.dst;
				GCC_PRECOMPILE_PREFIX_HEADER = NO;
				GCC_PREFIX_HEADER = "";
				PRODUCT_NAME = "$(TARGET_NAME)";
			};
			name = Release;
		};
		6322DDCA136AEF4800E8E9EF /* Debug */ = {
			isa = XCBuildConfiguration;
			buildSettings = {
				ALWAYS_SEARCH_USER_PATHS = NO;
				CLANG_ENABLE_OBJC_ARC = YES;
				DSTROOT = /tmp/HDCoreData.dst;
				GCC_PRECOMPILE_PREFIX_HEADER = NO;
				GCC_PREFIX_HEADER = "";
				PRODUCT_NAME = "$(TARGET_NAME)";
			};
			name = Debug;
		};
		6322DDCB136AEF4800E8E9EF /* Release */ = {
			isa = XCBuildConfiguration;
			buildSettings = {
				ALWAYS_SEARCH_USER_PATHS = NO;
				CLANG_ENABLE_OBJC_ARC = YES;
				DSTROOT = /tmp/HDCoreData.dst;
				GCC_PRECOMPILE_PREFIX_HEADER = NO;
				GCC_PREFIX_HEADER = "";
				PRODUCT_NAME = "$(TARGET_NAME)";
			};
			name = Release;
		};
		6322DDD8136AEF9600E8E9EF /* Debug */ = {
			isa = XCBuildConfiguration;
			buildSettings = {
				ALWAYS_SEARCH_USER_PATHS = NO;
				CLANG_ENABLE_OBJC_ARC = YES;
				DSTROOT = /tmp/HDAudio.dst;
				GCC_PRECOMPILE_PREFIX_HEADER = NO;
				GCC_PREFIX_HEADER = "";
				PRODUCT_NAME = "$(TARGET_NAME)";
			};
			name = Debug;
		};
		6322DDD9136AEF9600E8E9EF /* Release */ = {
			isa = XCBuildConfiguration;
			buildSettings = {
				ALWAYS_SEARCH_USER_PATHS = NO;
				CLANG_ENABLE_OBJC_ARC = YES;
				DSTROOT = /tmp/HDAudio.dst;
				GCC_PRECOMPILE_PREFIX_HEADER = NO;
				GCC_PREFIX_HEADER = "";
				PRODUCT_NAME = "$(TARGET_NAME)";
			};
			name = Release;
		};
		6322DDE5136AEFA400E8E9EF /* Debug */ = {
			isa = XCBuildConfiguration;
			buildSettings = {
				ALWAYS_SEARCH_USER_PATHS = NO;
				CLANG_ENABLE_OBJC_ARC = YES;
				DSTROOT = /tmp/HDKit.dst;
				GCC_PRECOMPILE_PREFIX_HEADER = NO;
				GCC_PREFIX_HEADER = "";
				PRODUCT_NAME = "$(TARGET_NAME)";
			};
			name = Debug;
		};
		6322DDE6136AEFA400E8E9EF /* Release */ = {
			isa = XCBuildConfiguration;
			buildSettings = {
				ALWAYS_SEARCH_USER_PATHS = NO;
				CLANG_ENABLE_OBJC_ARC = YES;
				DSTROOT = /tmp/HDKit.dst;
				GCC_PRECOMPILE_PREFIX_HEADER = NO;
				GCC_PREFIX_HEADER = "";
				PRODUCT_NAME = "$(TARGET_NAME)";
			};
			name = Release;
		};
		632DD90C1499162D0029F775 /* AppStore */ = {
			isa = XCBuildConfiguration;
			buildSettings = {
				ARCHS = "$(ARCHS_STANDARD_32_BIT)";
				CLANG_WARN_OBJCPP_ARC_ABI = YES;
				GCC_C_LANGUAGE_STANDARD = gnu99;
				GCC_VERSION = com.apple.compilers.llvm.clang.1_0;
				GCC_WARN_ABOUT_MISSING_PROTOTYPES = YES;
				GCC_WARN_ABOUT_RETURN_TYPE = YES;
				GCC_WARN_UNUSED_VARIABLE = YES;
				HEADER_SEARCH_PATHS = "Libraries/nimbus/**";
				IPHONEOS_DEPLOYMENT_TARGET = 4.3;
				OTHER_LDFLAGS = (
					"-ObjC",
					"-all_load",
				);
				SDKROOT = iphoneos;
				SKIP_INSTALL = YES;
			};
			name = AppStore;
		};
		632DD90D1499162D0029F775 /* AppStore */ = {
			isa = XCBuildConfiguration;
			buildSettings = {
				ALWAYS_SEARCH_USER_PATHS = NO;
				CLANG_ENABLE_OBJC_ARC = YES;
				DSTROOT = /tmp/HDLibraries.dst;
				GCC_PRECOMPILE_PREFIX_HEADER = NO;
				GCC_PREFIX_HEADER = "";
				PRODUCT_NAME = "$(TARGET_NAME)";
			};
			name = AppStore;
		};
		632DD90E1499162D0029F775 /* AppStore */ = {
			isa = XCBuildConfiguration;
			buildSettings = {
				ALWAYS_SEARCH_USER_PATHS = NO;
				CLANG_ENABLE_OBJC_ARC = YES;
				DSTROOT = /tmp/HDCoreData.dst;
				GCC_PRECOMPILE_PREFIX_HEADER = NO;
				GCC_PREFIX_HEADER = "";
				PRODUCT_NAME = "$(TARGET_NAME)";
			};
			name = AppStore;
		};
		632DD90F1499162D0029F775 /* AppStore */ = {
			isa = XCBuildConfiguration;
			buildSettings = {
				ALWAYS_SEARCH_USER_PATHS = NO;
				CLANG_ENABLE_OBJC_ARC = YES;
				DSTROOT = /tmp/HDAudio.dst;
				GCC_PRECOMPILE_PREFIX_HEADER = NO;
				GCC_PREFIX_HEADER = "";
				PRODUCT_NAME = "$(TARGET_NAME)";
			};
			name = AppStore;
		};
		632DD9111499162D0029F775 /* AppStore */ = {
			isa = XCBuildConfiguration;
			buildSettings = {
				ALWAYS_SEARCH_USER_PATHS = NO;
				CLANG_ENABLE_OBJC_ARC = YES;
				DSTROOT = /tmp/HDKit.dst;
				GCC_PRECOMPILE_PREFIX_HEADER = NO;
				GCC_PREFIX_HEADER = "";
				PRODUCT_NAME = "$(TARGET_NAME)";
			};
			name = AppStore;
		};
		632DD9131499162D0029F775 /* AppStore */ = {
			isa = XCBuildConfiguration;
			buildSettings = {
				ALWAYS_SEARCH_USER_PATHS = NO;
				FRAMEWORK_SEARCH_PATHS = (
					"$(SDKROOT)/Developer/Library/Frameworks",
					"$(DEVELOPER_LIBRARY_DIR)/Frameworks",
				);
				GCC_PRECOMPILE_PREFIX_HEADER = YES;
				GCC_PREFIX_HEADER = Tests/Support/Prefix.pch;
				INFOPLIST_FILE = Tests/Support/Info.plist;
				OTHER_LDFLAGS = (
					"-framework",
					SenTestingKit,
				);
				PRODUCT_NAME = "$(TARGET_NAME)";
				WRAPPER_EXTENSION = octest;
			};
			name = AppStore;
		};
		6363D274134C56ED000BDCFD /* Debug */ = {
			isa = XCBuildConfiguration;
			buildSettings = {
				ARCHS = "$(ARCHS_STANDARD_32_BIT)";
				CLANG_WARN_OBJCPP_ARC_ABI = YES;
				COPY_PHASE_STRIP = NO;
				GCC_C_LANGUAGE_STANDARD = gnu99;
				GCC_OPTIMIZATION_LEVEL = 0;
				GCC_PREPROCESSOR_DEFINITIONS = DEBUG;
				GCC_SYMBOLS_PRIVATE_EXTERN = NO;
				GCC_VERSION = com.apple.compilers.llvm.clang.1_0;
				GCC_WARN_ABOUT_MISSING_PROTOTYPES = YES;
				GCC_WARN_ABOUT_RETURN_TYPE = YES;
				GCC_WARN_UNUSED_VARIABLE = YES;
				HEADER_SEARCH_PATHS = "Libraries/nimbus/**";
				IPHONEOS_DEPLOYMENT_TARGET = 4.3;
				ONLY_ACTIVE_ARCH = YES;
				OTHER_LDFLAGS = (
					"-ObjC",
					"-all_load",
				);
				SDKROOT = iphoneos;
				SKIP_INSTALL = YES;
			};
			name = Debug;
		};
		6363D275134C56ED000BDCFD /* Release */ = {
			isa = XCBuildConfiguration;
			buildSettings = {
				ARCHS = "$(ARCHS_STANDARD_32_BIT)";
				CLANG_WARN_OBJCPP_ARC_ABI = YES;
				GCC_C_LANGUAGE_STANDARD = gnu99;
				GCC_VERSION = com.apple.compilers.llvm.clang.1_0;
				GCC_WARN_ABOUT_MISSING_PROTOTYPES = YES;
				GCC_WARN_ABOUT_RETURN_TYPE = YES;
				GCC_WARN_UNUSED_VARIABLE = YES;
				HEADER_SEARCH_PATHS = "Libraries/nimbus/**";
				IPHONEOS_DEPLOYMENT_TARGET = 4.3;
				OTHER_LDFLAGS = (
					"-ObjC",
					"-all_load",
				);
				SDKROOT = iphoneos;
				SKIP_INSTALL = YES;
			};
			name = Release;
		};
		6363D27A134C56ED000BDCFD /* Debug */ = {
			isa = XCBuildConfiguration;
			buildSettings = {
				ALWAYS_SEARCH_USER_PATHS = NO;
				FRAMEWORK_SEARCH_PATHS = (
					"$(SDKROOT)/Developer/Library/Frameworks",
					"$(DEVELOPER_LIBRARY_DIR)/Frameworks",
				);
				GCC_PRECOMPILE_PREFIX_HEADER = YES;
				GCC_PREFIX_HEADER = Tests/Support/Prefix.pch;
				INFOPLIST_FILE = Tests/Support/Info.plist;
				OTHER_LDFLAGS = (
					"-framework",
					SenTestingKit,
				);
				PRODUCT_NAME = "$(TARGET_NAME)";
				WRAPPER_EXTENSION = octest;
			};
			name = Debug;
		};
		6363D27B134C56ED000BDCFD /* Release */ = {
			isa = XCBuildConfiguration;
			buildSettings = {
				ALWAYS_SEARCH_USER_PATHS = NO;
				FRAMEWORK_SEARCH_PATHS = (
					"$(SDKROOT)/Developer/Library/Frameworks",
					"$(DEVELOPER_LIBRARY_DIR)/Frameworks",
				);
				GCC_PRECOMPILE_PREFIX_HEADER = YES;
				GCC_PREFIX_HEADER = Tests/Support/Prefix.pch;
				INFOPLIST_FILE = Tests/Support/Info.plist;
				OTHER_LDFLAGS = (
					"-framework",
					SenTestingKit,
				);
				PRODUCT_NAME = "$(TARGET_NAME)";
				WRAPPER_EXTENSION = octest;
			};
			name = Release;
		};
		63A5CE0614CDC23C00618F82 /* Debug */ = {
			isa = XCBuildConfiguration;
			buildSettings = {
				ALWAYS_SEARCH_USER_PATHS = NO;
				CLANG_ENABLE_OBJC_ARC = YES;
				DSTROOT = /tmp/HDGameKit.dst;
				GCC_PRECOMPILE_PREFIX_HEADER = NO;
				GCC_PREFIX_HEADER = "";
				PRODUCT_NAME = HDGameKit;
			};
			name = Debug;
		};
		63A5CE0714CDC23C00618F82 /* Release */ = {
			isa = XCBuildConfiguration;
			buildSettings = {
				ALWAYS_SEARCH_USER_PATHS = NO;
				CLANG_ENABLE_OBJC_ARC = YES;
				DSTROOT = /tmp/HDGameKit.dst;
				GCC_PRECOMPILE_PREFIX_HEADER = NO;
				GCC_PREFIX_HEADER = "";
				PRODUCT_NAME = HDGameKit;
			};
			name = Release;
		};
		63A5CE0814CDC23C00618F82 /* AppStore */ = {
			isa = XCBuildConfiguration;
			buildSettings = {
				ALWAYS_SEARCH_USER_PATHS = NO;
				CLANG_ENABLE_OBJC_ARC = YES;
				DSTROOT = /tmp/HDGameKit.dst;
				GCC_PRECOMPILE_PREFIX_HEADER = NO;
				GCC_PREFIX_HEADER = "";
				PRODUCT_NAME = HDGameKit;
			};
			name = AppStore;
		};
		63A5CE0914CDC23C00618F82 /* AdHoc */ = {
			isa = XCBuildConfiguration;
			buildSettings = {
				ALWAYS_SEARCH_USER_PATHS = NO;
				CLANG_ENABLE_OBJC_ARC = YES;
				DSTROOT = /tmp/HDGameKit.dst;
				GCC_PRECOMPILE_PREFIX_HEADER = NO;
				GCC_PREFIX_HEADER = "";
				PRODUCT_NAME = HDGameKit;
			};
			name = AdHoc;
		};
/* End XCBuildConfiguration section */

/* Begin XCConfigurationList section */
		6322DDAB136AEE6B00E8E9EF /* Build configuration list for PBXNativeTarget "HDFoundation" */ = {
			isa = XCConfigurationList;
			buildConfigurations = (
				6322DDA9136AEE6B00E8E9EF /* Debug */,
				6322DDAA136AEE6B00E8E9EF /* Release */,
				632DD90D1499162D0029F775 /* AppStore */,
				63207E6C142A4FEA0095E62C /* AdHoc */,
			);
			defaultConfigurationIsVisible = 0;
			defaultConfigurationName = Release;
		};
		6322DDC9136AEF4800E8E9EF /* Build configuration list for PBXNativeTarget "HDCoreData" */ = {
			isa = XCConfigurationList;
			buildConfigurations = (
				6322DDCA136AEF4800E8E9EF /* Debug */,
				6322DDCB136AEF4800E8E9EF /* Release */,
				632DD90E1499162D0029F775 /* AppStore */,
				63207E6D142A4FEA0095E62C /* AdHoc */,
			);
			defaultConfigurationIsVisible = 0;
			defaultConfigurationName = Release;
		};
		6322DDD7136AEF9600E8E9EF /* Build configuration list for PBXNativeTarget "HDAudio" */ = {
			isa = XCConfigurationList;
			buildConfigurations = (
				6322DDD8136AEF9600E8E9EF /* Debug */,
				6322DDD9136AEF9600E8E9EF /* Release */,
				632DD90F1499162D0029F775 /* AppStore */,
				63207E6E142A4FEA0095E62C /* AdHoc */,
			);
			defaultConfigurationIsVisible = 0;
			defaultConfigurationName = Release;
		};
		6322DDE4136AEFA400E8E9EF /* Build configuration list for PBXNativeTarget "HDKit" */ = {
			isa = XCConfigurationList;
			buildConfigurations = (
				6322DDE5136AEFA400E8E9EF /* Debug */,
				6322DDE6136AEFA400E8E9EF /* Release */,
				632DD9111499162D0029F775 /* AppStore */,
				63207E70142A4FEA0095E62C /* AdHoc */,
			);
			defaultConfigurationIsVisible = 0;
			defaultConfigurationName = Release;
		};
		6363D24D134C56ED000BDCFD /* Build configuration list for PBXProject "HDLibraries" */ = {
			isa = XCConfigurationList;
			buildConfigurations = (
				6363D274134C56ED000BDCFD /* Debug */,
				6363D275134C56ED000BDCFD /* Release */,
				632DD90C1499162D0029F775 /* AppStore */,
				63207E6B142A4FEA0095E62C /* AdHoc */,
			);
			defaultConfigurationIsVisible = 0;
			defaultConfigurationName = Release;
		};
		6363D279134C56ED000BDCFD /* Build configuration list for PBXNativeTarget "Tests" */ = {
			isa = XCConfigurationList;
			buildConfigurations = (
				6363D27A134C56ED000BDCFD /* Debug */,
				6363D27B134C56ED000BDCFD /* Release */,
				632DD9131499162D0029F775 /* AppStore */,
				63207E72142A4FEA0095E62C /* AdHoc */,
			);
			defaultConfigurationIsVisible = 0;
			defaultConfigurationName = Release;
		};
		63A5CE0514CDC23C00618F82 /* Build configuration list for PBXNativeTarget "HDGameKit" */ = {
			isa = XCConfigurationList;
			buildConfigurations = (
				63A5CE0614CDC23C00618F82 /* Debug */,
				63A5CE0714CDC23C00618F82 /* Release */,
				63A5CE0814CDC23C00618F82 /* AppStore */,
				63A5CE0914CDC23C00618F82 /* AdHoc */,
			);
			defaultConfigurationIsVisible = 0;
			defaultConfigurationName = Release;
		};
/* End XCConfigurationList section */
	};
	rootObject = 6363D24A134C56ED000BDCFD /* Project object */;
}
